// !$*UTF8*$!
{
	archiveVersion = 1;
	classes = {
	};
	objectVersion = 46;
	objects = {

/* Begin PBXBuildFile section */
		844293A518A1ED0F00DDC7F3 /* UIScrollView+SVInfiniteScrolling.m in Sources */ = {isa = PBXBuildFile; fileRef = 844293A418A1ED0F00DDC7F3 /* UIScrollView+SVInfiniteScrolling.m */; };
		844293AD18A1EDC700DDC7F3 /* libTestFlight.a in Frameworks */ = {isa = PBXBuildFile; fileRef = 844293A718A1EDC700DDC7F3 /* libTestFlight.a */; };
		844293AE18A1EDC700DDC7F3 /* README.md in Resources */ = {isa = PBXBuildFile; fileRef = 844293A818A1EDC700DDC7F3 /* README.md */; };
		844293AF18A1EDC700DDC7F3 /* release_notes.md in Resources */ = {isa = PBXBuildFile; fileRef = 844293A918A1EDC700DDC7F3 /* release_notes.md */; };
		846938E6187A81640037CABC /* StationListDataSource.m in Sources */ = {isa = PBXBuildFile; fileRef = 846938E5187A81640037CABC /* StationListDataSource.m */; };
		847E7CB8188EADB8007401F1 /* PricesDataSource.m in Sources */ = {isa = PBXBuildFile; fileRef = 847E7CB7188EADB8007401F1 /* PricesDataSource.m */; };
		849A29A618A22AE900A68987 /* ActsDataSource.m in Sources */ = {isa = PBXBuildFile; fileRef = 849A29A518A22AE900A68987 /* ActsDataSource.m */; };
		849A29A918A22C8300A68987 /* ActsViewController.m in Sources */ = {isa = PBXBuildFile; fileRef = 849A29A818A22C8300A68987 /* ActsViewController.m */; };
		849A29AC18A22EDF00A68987 /* ActCell.m in Sources */ = {isa = PBXBuildFile; fileRef = 849A29AB18A22EDF00A68987 /* ActCell.m */; };
		84BC6402187E7CBD00BF030B /* head_gr2.png in Resources */ = {isa = PBXBuildFile; fileRef = 84BC6401187E7CBD00BF030B /* head_gr2.png */; };
		84C68CC2188E524200FD68D0 /* PriceViewController.m in Sources */ = {isa = PBXBuildFile; fileRef = 84C68CC1188E524200FD68D0 /* PriceViewController.m */; };
		84CC0F7F18A4AFC9006F84C6 /* AboutViewController.m in Sources */ = {isa = PBXBuildFile; fileRef = 84CC0F7E18A4AFC9006F84C6 /* AboutViewController.m */; };
		84CC0F8718A4B1AF006F84C6 /* bubble_dark_tail@2x.png in Resources */ = {isa = PBXBuildFile; fileRef = 84CC0F8118A4B1AF006F84C6 /* bubble_dark_tail@2x.png */; };
		84CC0F8818A4B1AF006F84C6 /* bubble_dark@2x.png in Resources */ = {isa = PBXBuildFile; fileRef = 84CC0F8218A4B1AF006F84C6 /* bubble_dark@2x.png */; };
		84CC0F8918A4B1AF006F84C6 /* bubble_light@2x.png in Resources */ = {isa = PBXBuildFile; fileRef = 84CC0F8318A4B1AF006F84C6 /* bubble_light@2x.png */; };
		84CC0F8A18A4B1AF006F84C6 /* bubble_ligth_tail@2x.png in Resources */ = {isa = PBXBuildFile; fileRef = 84CC0F8418A4B1AF006F84C6 /* bubble_ligth_tail@2x.png */; };
		84CC0F8B18A4B1AF006F84C6 /* contacts_white@2x.png in Resources */ = {isa = PBXBuildFile; fileRef = 84CC0F8518A4B1AF006F84C6 /* contacts_white@2x.png */; };
		84CC0F8C18A4B1AF006F84C6 /* contacts@2x.png in Resources */ = {isa = PBXBuildFile; fileRef = 84CC0F8618A4B1AF006F84C6 /* contacts@2x.png */; };
		84CC0F9018A4BF09006F84C6 /* about.json in Resources */ = {isa = PBXBuildFile; fileRef = 84CC0F8F18A4BF09006F84C6 /* about.json */; };
		84DA054B187D846D004592EC /* HelveticaNeueCyr-Black.otf in Resources */ = {isa = PBXBuildFile; fileRef = 84DA053E187D846D004592EC /* HelveticaNeueCyr-Black.otf */; };
		84DA054C187D846D004592EC /* HelveticaNeueCyr-BlackItalic.otf in Resources */ = {isa = PBXBuildFile; fileRef = 84DA053F187D846D004592EC /* HelveticaNeueCyr-BlackItalic.otf */; };
		84DA054D187D846D004592EC /* HelveticaNeueCyr-Bold.otf in Resources */ = {isa = PBXBuildFile; fileRef = 84DA0540187D846D004592EC /* HelveticaNeueCyr-Bold.otf */; };
		84DA054E187D846D004592EC /* HelveticaNeueCyr-BoldItalic.otf in Resources */ = {isa = PBXBuildFile; fileRef = 84DA0541187D846D004592EC /* HelveticaNeueCyr-BoldItalic.otf */; };
		84DA054F187D846D004592EC /* HelveticaNeueCyr-Italic.otf in Resources */ = {isa = PBXBuildFile; fileRef = 84DA0542187D846D004592EC /* HelveticaNeueCyr-Italic.otf */; };
		84DA0550187D846D004592EC /* HelveticaNeueCyr-Light.otf in Resources */ = {isa = PBXBuildFile; fileRef = 84DA0543187D846D004592EC /* HelveticaNeueCyr-Light.otf */; };
		84DA0551187D846D004592EC /* HelveticaNeueCyr-LightItalic.otf in Resources */ = {isa = PBXBuildFile; fileRef = 84DA0544187D846D004592EC /* HelveticaNeueCyr-LightItalic.otf */; };
		84DA0552187D846D004592EC /* HelveticaNeueCyr-Medium.otf in Resources */ = {isa = PBXBuildFile; fileRef = 84DA0545187D846D004592EC /* HelveticaNeueCyr-Medium.otf */; };
		84DA0553187D846D004592EC /* HelveticaNeueCyr-Roman.otf in Resources */ = {isa = PBXBuildFile; fileRef = 84DA0546187D846D004592EC /* HelveticaNeueCyr-Roman.otf */; };
		84DA0554187D846D004592EC /* HelveticaNeueCyr-Thin.otf in Resources */ = {isa = PBXBuildFile; fileRef = 84DA0547187D846D004592EC /* HelveticaNeueCyr-Thin.otf */; };
		84DA0555187D846D004592EC /* HelveticaNeueCyr-ThinItalic.otf in Resources */ = {isa = PBXBuildFile; fileRef = 84DA0548187D846D004592EC /* HelveticaNeueCyr-ThinItalic.otf */; };
		84DA0556187D846D004592EC /* HelveticaNeueCyr-UltraLight.otf in Resources */ = {isa = PBXBuildFile; fileRef = 84DA0549187D846D004592EC /* HelveticaNeueCyr-UltraLight.otf */; };
		84DA0557187D846D004592EC /* HelveticaNeueCyr-UltraLightItalic.otf in Resources */ = {isa = PBXBuildFile; fileRef = 84DA054A187D846D004592EC /* HelveticaNeueCyr-UltraLightItalic.otf */; };
		84F9C698188EBAA700739533 /* PriceCell.m in Sources */ = {isa = PBXBuildFile; fileRef = 84F9C697188EBAA700739533 /* PriceCell.m */; };
		84FDF89D187AA9610082595A /* StationViewCell.m in Sources */ = {isa = PBXBuildFile; fileRef = 84FDF89C187AA9610082595A /* StationViewCell.m */; };
		9CF17A4418431F7F007FF8D9 /* Foundation.framework in Frameworks */ = {isa = PBXBuildFile; fileRef = 9CF17A4318431F7F007FF8D9 /* Foundation.framework */; };
		9CF17A4618431F7F007FF8D9 /* CoreGraphics.framework in Frameworks */ = {isa = PBXBuildFile; fileRef = 9CF17A4518431F7F007FF8D9 /* CoreGraphics.framework */; };
		9CF17A4818431F7F007FF8D9 /* UIKit.framework in Frameworks */ = {isa = PBXBuildFile; fileRef = 9CF17A4718431F7F007FF8D9 /* UIKit.framework */; };
		9CF17A4E18431F7F007FF8D9 /* InfoPlist.strings in Resources */ = {isa = PBXBuildFile; fileRef = 9CF17A4C18431F7F007FF8D9 /* InfoPlist.strings */; };
		9CF17A5018431F7F007FF8D9 /* main.m in Sources */ = {isa = PBXBuildFile; fileRef = 9CF17A4F18431F7F007FF8D9 /* main.m */; };
		9CF17A5418431F7F007FF8D9 /* AppDelegate.m in Sources */ = {isa = PBXBuildFile; fileRef = 9CF17A5318431F7F007FF8D9 /* AppDelegate.m */; };
		9CF17A5718431F7F007FF8D9 /* Main_iPhone.storyboard in Resources */ = {isa = PBXBuildFile; fileRef = 9CF17A5518431F7F007FF8D9 /* Main_iPhone.storyboard */; };
		9CF17A5D18431F7F007FF8D9 /* MainViewController.m in Sources */ = {isa = PBXBuildFile; fileRef = 9CF17A5C18431F7F007FF8D9 /* MainViewController.m */; };
		9CF17A5F18431F7F007FF8D9 /* Images.xcassets in Resources */ = {isa = PBXBuildFile; fileRef = 9CF17A5E18431F7F007FF8D9 /* Images.xcassets */; };
		9CF17A6618431F80007FF8D9 /* XCTest.framework in Frameworks */ = {isa = PBXBuildFile; fileRef = 9CF17A6518431F80007FF8D9 /* XCTest.framework */; };
		9CF17A6718431F80007FF8D9 /* Foundation.framework in Frameworks */ = {isa = PBXBuildFile; fileRef = 9CF17A4318431F7F007FF8D9 /* Foundation.framework */; };
		9CF17A6818431F80007FF8D9 /* UIKit.framework in Frameworks */ = {isa = PBXBuildFile; fileRef = 9CF17A4718431F7F007FF8D9 /* UIKit.framework */; };
		9CF17A7018431F80007FF8D9 /* InfoPlist.strings in Resources */ = {isa = PBXBuildFile; fileRef = 9CF17A6E18431F80007FF8D9 /* InfoPlist.strings */; };
		9CF17A7218431F80007FF8D9 /* iSinooilTests.m in Sources */ = {isa = PBXBuildFile; fileRef = 9CF17A7118431F80007FF8D9 /* iSinooilTests.m */; };
		DD3F746A189E082F0082CD30 /* placeholder-icon.png in Resources */ = {isa = PBXBuildFile; fileRef = DD3F7459189E082F0082CD30 /* placeholder-icon.png */; };
		DD3F746B189E082F0082CD30 /* SDImageCache.m in Sources */ = {isa = PBXBuildFile; fileRef = DD3F745B189E082F0082CD30 /* SDImageCache.m */; };
		DD3F746C189E082F0082CD30 /* SDWebImageDecoder.m in Sources */ = {isa = PBXBuildFile; fileRef = DD3F745F189E082F0082CD30 /* SDWebImageDecoder.m */; };
		DD3F746D189E082F0082CD30 /* SDWebImageDownloader.m in Sources */ = {isa = PBXBuildFile; fileRef = DD3F7461189E082F0082CD30 /* SDWebImageDownloader.m */; };
		DD3F746E189E082F0082CD30 /* SDWebImageManager.m in Sources */ = {isa = PBXBuildFile; fileRef = DD3F7464189E082F0082CD30 /* SDWebImageManager.m */; };
		DD3F746F189E082F0082CD30 /* SDWebImagePrefetcher.m in Sources */ = {isa = PBXBuildFile; fileRef = DD3F7467189E082F0082CD30 /* SDWebImagePrefetcher.m */; };
		DD3F7470189E082F0082CD30 /* UIImageView+WebCache.m in Sources */ = {isa = PBXBuildFile; fileRef = DD3F7469189E082F0082CD30 /* UIImageView+WebCache.m */; };
		DD3F7473189E147F0082CD30 /* NewsViewController.m in Sources */ = {isa = PBXBuildFile; fileRef = DD3F7472189E147F0082CD30 /* NewsViewController.m */; };
		DD3F7476189E15260082CD30 /* NewsDataSource.m in Sources */ = {isa = PBXBuildFile; fileRef = DD3F7475189E15260082CD30 /* NewsDataSource.m */; };
		DD3F7479189E164C0082CD30 /* NewsCell.m in Sources */ = {isa = PBXBuildFile; fileRef = DD3F7478189E164C0082CD30 /* NewsCell.m */; };
		DD46151718751E88008FCD16 /* article.json in Resources */ = {isa = PBXBuildFile; fileRef = DD46151318751E88008FCD16 /* article.json */; };
		DD46151818751E88008FCD16 /* azs.json in Resources */ = {isa = PBXBuildFile; fileRef = DD46151418751E88008FCD16 /* azs.json */; };
		DD46151918751E88008FCD16 /* fuel.json in Resources */ = {isa = PBXBuildFile; fileRef = DD46151518751E88008FCD16 /* fuel.json */; };
		DD46151A18751E88008FCD16 /* news.json in Resources */ = {isa = PBXBuildFile; fileRef = DD46151618751E88008FCD16 /* news.json */; };
		DD96D13D189E7E4700B78B1D /* libz.dylib in Frameworks */ = {isa = PBXBuildFile; fileRef = DD96D13C189E7E4700B78B1D /* libz.dylib */; };
		DDA70D211876DA7200C89F86 /* MapPoint.m in Sources */ = {isa = PBXBuildFile; fileRef = DDA70D201876DA7200C89F86 /* MapPoint.m */; };
		DDA70D241876E0DD00C89F86 /* MapSource.m in Sources */ = {isa = PBXBuildFile; fileRef = DDA70D231876E0DD00C89F86 /* MapSource.m */; };
		DDA70D271876EA4400C89F86 /* StationAnnotationView.m in Sources */ = {isa = PBXBuildFile; fileRef = DDA70D261876EA4400C89F86 /* StationAnnotationView.m */; };
		DDB2E9A0189E3A5D0080FE75 /* NewsDetailViewController.m in Sources */ = {isa = PBXBuildFile; fileRef = DDB2E99F189E3A5D0080FE75 /* NewsDetailViewController.m */; };
		DDBE9BA718A6315A000FB34D /* AboutDetailViewController.m in Sources */ = {isa = PBXBuildFile; fileRef = DDBE9BA618A6315A000FB34D /* AboutDetailViewController.m */; };
		DDC8734D1875301A00393876 /* Localizable.strings in Resources */ = {isa = PBXBuildFile; fileRef = DDC8734F1875301A00393876 /* Localizable.strings */; };
		DDC8735318754F4200393876 /* MenuViewController.m in Sources */ = {isa = PBXBuildFile; fileRef = DDC8735218754F4200393876 /* MenuViewController.m */; };
		DDC873561875ADF600393876 /* Common.m in Sources */ = {isa = PBXBuildFile; fileRef = DDC873551875ADF600393876 /* Common.m */; };
		DDEB474E1854211B006FAED3 /* MapKit.framework in Frameworks */ = {isa = PBXBuildFile; fileRef = DDEB474D1854211B006FAED3 /* MapKit.framework */; };
		DDEB485718542883006FAED3 /* arrowdown_dark@2x.png in Resources */ = {isa = PBXBuildFile; fileRef = DDEB480018542883006FAED3 /* arrowdown_dark@2x.png */; };
		DDEB485818542883006FAED3 /* arrowdown_light@2x.png in Resources */ = {isa = PBXBuildFile; fileRef = DDEB480118542883006FAED3 /* arrowdown_light@2x.png */; };
		DDEB485918542883006FAED3 /* arrowleft_red@2x.png in Resources */ = {isa = PBXBuildFile; fileRef = DDEB480218542883006FAED3 /* arrowleft_red@2x.png */; };
		DDEB485A18542883006FAED3 /* arrowleft_white@2x.png in Resources */ = {isa = PBXBuildFile; fileRef = DDEB480318542883006FAED3 /* arrowleft_white@2x.png */; };
		DDEB485B18542883006FAED3 /* arrowup_dark@2x.png in Resources */ = {isa = PBXBuildFile; fileRef = DDEB480418542883006FAED3 /* arrowup_dark@2x.png */; };
		DDEB485C18542883006FAED3 /* arrowup_light@2x.png in Resources */ = {isa = PBXBuildFile; fileRef = DDEB480518542883006FAED3 /* arrowup_light@2x.png */; };
		DDEB485D18542883006FAED3 /* button1@2x.png in Resources */ = {isa = PBXBuildFile; fileRef = DDEB480618542883006FAED3 /* button1@2x.png */; };
		DDEB485E18542883006FAED3 /* button2@2x.png in Resources */ = {isa = PBXBuildFile; fileRef = DDEB480718542883006FAED3 /* button2@2x.png */; };
		DDEB485F18542883006FAED3 /* button_border@2x.png in Resources */ = {isa = PBXBuildFile; fileRef = DDEB480818542883006FAED3 /* button_border@2x.png */; };
		DDEB486018542883006FAED3 /* button_over@2x.png in Resources */ = {isa = PBXBuildFile; fileRef = DDEB480918542883006FAED3 /* button_over@2x.png */; };
		DDEB486118542883006FAED3 /* icon_80@2x.png in Resources */ = {isa = PBXBuildFile; fileRef = DDEB480B18542883006FAED3 /* icon_80@2x.png */; };
		DDEB486218542883006FAED3 /* icon_80_inactive@2x.png in Resources */ = {isa = PBXBuildFile; fileRef = DDEB480C18542883006FAED3 /* icon_80_inactive@2x.png */; };
		DDEB486318542883006FAED3 /* icon_80_pressed@2x.png in Resources */ = {isa = PBXBuildFile; fileRef = DDEB480D18542883006FAED3 /* icon_80_pressed@2x.png */; };
		DDEB486418542883006FAED3 /* icon_92@2x.png in Resources */ = {isa = PBXBuildFile; fileRef = DDEB480E18542883006FAED3 /* icon_92@2x.png */; };
		DDEB486518542883006FAED3 /* icon_92_inactive@2x.png in Resources */ = {isa = PBXBuildFile; fileRef = DDEB480F18542883006FAED3 /* icon_92_inactive@2x.png */; };
		DDEB486618542883006FAED3 /* icon_92_pressed@2x.png in Resources */ = {isa = PBXBuildFile; fileRef = DDEB481018542883006FAED3 /* icon_92_pressed@2x.png */; };
		DDEB486718542883006FAED3 /* icon_93@2x.png in Resources */ = {isa = PBXBuildFile; fileRef = DDEB481118542883006FAED3 /* icon_93@2x.png */; };
		DDEB486818542883006FAED3 /* icon_93_inactive@2x.png in Resources */ = {isa = PBXBuildFile; fileRef = DDEB481218542883006FAED3 /* icon_93_inactive@2x.png */; };
		DDEB486918542883006FAED3 /* icon_93_pressed@2x.png in Resources */ = {isa = PBXBuildFile; fileRef = DDEB481318542883006FAED3 /* icon_93_pressed@2x.png */; };
		DDEB486A18542883006FAED3 /* icon_96@2x.png in Resources */ = {isa = PBXBuildFile; fileRef = DDEB481418542883006FAED3 /* icon_96@2x.png */; };
		DDEB486B18542883006FAED3 /* icon_96_inactive@2x.png in Resources */ = {isa = PBXBuildFile; fileRef = DDEB481518542883006FAED3 /* icon_96_inactive@2x.png */; };
		DDEB486C18542883006FAED3 /* icon_96_pressed@2x.png in Resources */ = {isa = PBXBuildFile; fileRef = DDEB481618542883006FAED3 /* icon_96_pressed@2x.png */; };
		DDEB486D18542883006FAED3 /* icon_97@2x.png in Resources */ = {isa = PBXBuildFile; fileRef = DDEB481718542883006FAED3 /* icon_97@2x.png */; };
		DDEB486E18542883006FAED3 /* icon_97_inactive@2x.png in Resources */ = {isa = PBXBuildFile; fileRef = DDEB481818542883006FAED3 /* icon_97_inactive@2x.png */; };
		DDEB486F18542883006FAED3 /* icon_97_pressed@2x.png in Resources */ = {isa = PBXBuildFile; fileRef = DDEB481918542883006FAED3 /* icon_97_pressed@2x.png */; };
		DDEB487018542883006FAED3 /* icon_amer@2x.png in Resources */ = {isa = PBXBuildFile; fileRef = DDEB481A18542883006FAED3 /* icon_amer@2x.png */; };
		DDEB487118542883006FAED3 /* icon_amer_inactive@2x.png in Resources */ = {isa = PBXBuildFile; fileRef = DDEB481B18542883006FAED3 /* icon_amer_inactive@2x.png */; };
		DDEB487218542883006FAED3 /* icon_amer_pressed@2x.png in Resources */ = {isa = PBXBuildFile; fileRef = DDEB481C18542883006FAED3 /* icon_amer_pressed@2x.png */; };
		DDEB487318542883006FAED3 /* icon_atm@2x.png in Resources */ = {isa = PBXBuildFile; fileRef = DDEB481D18542883006FAED3 /* icon_atm@2x.png */; };
		DDEB487418542883006FAED3 /* icon_atm_inactive@2x.png in Resources */ = {isa = PBXBuildFile; fileRef = DDEB481E18542883006FAED3 /* icon_atm_inactive@2x.png */; };
		DDEB487518542883006FAED3 /* icon_atm_pressed@2x.png in Resources */ = {isa = PBXBuildFile; fileRef = DDEB481F18542883006FAED3 /* icon_atm_pressed@2x.png */; };
		DDEB487618542883006FAED3 /* icon_cafe@2x.png in Resources */ = {isa = PBXBuildFile; fileRef = DDEB482018542883006FAED3 /* icon_cafe@2x.png */; };
		DDEB487718542883006FAED3 /* icon_cafe_inactive@2x.png in Resources */ = {isa = PBXBuildFile; fileRef = DDEB482118542883006FAED3 /* icon_cafe_inactive@2x.png */; };
		DDEB487818542883006FAED3 /* icon_cafe_pressed@2x.png in Resources */ = {isa = PBXBuildFile; fileRef = DDEB482218542883006FAED3 /* icon_cafe_pressed@2x.png */; };
		DDEB487918542883006FAED3 /* icon_diesel@2x.png in Resources */ = {isa = PBXBuildFile; fileRef = DDEB482318542883006FAED3 /* icon_diesel@2x.png */; };
		DDEB487A18542883006FAED3 /* icon_diesel_inactive@2x.png in Resources */ = {isa = PBXBuildFile; fileRef = DDEB482418542883006FAED3 /* icon_diesel_inactive@2x.png */; };
		DDEB487B18542883006FAED3 /* icon_diesel_pressed@2x.png in Resources */ = {isa = PBXBuildFile; fileRef = DDEB482518542883006FAED3 /* icon_diesel_pressed@2x.png */; };
		DDEB487C18542883006FAED3 /* icon_market@2x.png in Resources */ = {isa = PBXBuildFile; fileRef = DDEB482618542883006FAED3 /* icon_market@2x.png */; };
		DDEB487D18542883006FAED3 /* icon_market_inactive@2x.png in Resources */ = {isa = PBXBuildFile; fileRef = DDEB482718542883006FAED3 /* icon_market_inactive@2x.png */; };
		DDEB487E18542883006FAED3 /* icon_market_pressed@2x.png in Resources */ = {isa = PBXBuildFile; fileRef = DDEB482818542883006FAED3 /* icon_market_pressed@2x.png */; };
		DDEB487F18542883006FAED3 /* icon_master@2x.png in Resources */ = {isa = PBXBuildFile; fileRef = DDEB482918542883006FAED3 /* icon_master@2x.png */; };
		DDEB488018542883006FAED3 /* icon_master_inactive@2x.png in Resources */ = {isa = PBXBuildFile; fileRef = DDEB482A18542883006FAED3 /* icon_master_inactive@2x.png */; };
		DDEB488118542883006FAED3 /* icon_master_pressed@2x.png in Resources */ = {isa = PBXBuildFile; fileRef = DDEB482B18542883006FAED3 /* icon_master_pressed@2x.png */; };
		DDEB488218542883006FAED3 /* icon_oil@2x.png in Resources */ = {isa = PBXBuildFile; fileRef = DDEB482C18542883006FAED3 /* icon_oil@2x.png */; };
		DDEB488318542883006FAED3 /* icon_oil_inactive@2x.png in Resources */ = {isa = PBXBuildFile; fileRef = DDEB482D18542883006FAED3 /* icon_oil_inactive@2x.png */; };
		DDEB488418542883006FAED3 /* icon_oil_pressed@2x.png in Resources */ = {isa = PBXBuildFile; fileRef = DDEB482E18542883006FAED3 /* icon_oil_pressed@2x.png */; };
		DDEB488518542883006FAED3 /* icon_service@2x.png in Resources */ = {isa = PBXBuildFile; fileRef = DDEB482F18542883006FAED3 /* icon_service@2x.png */; };
		DDEB488618542883006FAED3 /* icon_service_inactive@2x.png in Resources */ = {isa = PBXBuildFile; fileRef = DDEB483018542883006FAED3 /* icon_service_inactive@2x.png */; };
		DDEB488718542883006FAED3 /* icon_service_pressed@2x.png in Resources */ = {isa = PBXBuildFile; fileRef = DDEB483118542883006FAED3 /* icon_service_pressed@2x.png */; };
		DDEB488818542883006FAED3 /* icon_terminal@2x.png in Resources */ = {isa = PBXBuildFile; fileRef = DDEB483218542883006FAED3 /* icon_terminal@2x.png */; };
		DDEB488918542883006FAED3 /* icon_terminal_inactive@2x.png in Resources */ = {isa = PBXBuildFile; fileRef = DDEB483318542883006FAED3 /* icon_terminal_inactive@2x.png */; };
		DDEB488A18542883006FAED3 /* icon_terminal_pressed@2x.png in Resources */ = {isa = PBXBuildFile; fileRef = DDEB483418542883006FAED3 /* icon_terminal_pressed@2x.png */; };
		DDEB488B18542883006FAED3 /* icon_visa@2x.png in Resources */ = {isa = PBXBuildFile; fileRef = DDEB483518542883006FAED3 /* icon_visa@2x.png */; };
		DDEB488C18542883006FAED3 /* icon_visa_inactive@2x.png in Resources */ = {isa = PBXBuildFile; fileRef = DDEB483618542883006FAED3 /* icon_visa_inactive@2x.png */; };
		DDEB488D18542883006FAED3 /* icon_visa_pressed@2x.png in Resources */ = {isa = PBXBuildFile; fileRef = DDEB483718542883006FAED3 /* icon_visa_pressed@2x.png */; };
		DDEB488E18542883006FAED3 /* icon_wash@2x.png in Resources */ = {isa = PBXBuildFile; fileRef = DDEB483818542883006FAED3 /* icon_wash@2x.png */; };
		DDEB488F18542883006FAED3 /* icon_wash_inactive@2x.png in Resources */ = {isa = PBXBuildFile; fileRef = DDEB483918542883006FAED3 /* icon_wash_inactive@2x.png */; };
		DDEB489018542883006FAED3 /* icon_wash_pressed@2x.png in Resources */ = {isa = PBXBuildFile; fileRef = DDEB483A18542883006FAED3 /* icon_wash_pressed@2x.png */; };
		DDEB489118542883006FAED3 /* icon_wheel@2x.png in Resources */ = {isa = PBXBuildFile; fileRef = DDEB483B18542883006FAED3 /* icon_wheel@2x.png */; };
		DDEB489218542883006FAED3 /* icon_wheel_inactive@2x.png in Resources */ = {isa = PBXBuildFile; fileRef = DDEB483C18542883006FAED3 /* icon_wheel_inactive@2x.png */; };
		DDEB489318542883006FAED3 /* icon_wheel_pressed@2x.png in Resources */ = {isa = PBXBuildFile; fileRef = DDEB483D18542883006FAED3 /* icon_wheel_pressed@2x.png */; };
		DDEB489418542883006FAED3 /* icon_back@2x.png in Resources */ = {isa = PBXBuildFile; fileRef = DDEB483E18542883006FAED3 /* icon_back@2x.png */; };
		DDEB489518542883006FAED3 /* icon_call@2x.png in Resources */ = {isa = PBXBuildFile; fileRef = DDEB483F18542883006FAED3 /* icon_call@2x.png */; };
		DDEB489618542883006FAED3 /* icon_fb@2x.png in Resources */ = {isa = PBXBuildFile; fileRef = DDEB484018542883006FAED3 /* icon_fb@2x.png */; };
		DDEB489718542883006FAED3 /* icon_feedback@2x.png in Resources */ = {isa = PBXBuildFile; fileRef = DDEB484118542883006FAED3 /* icon_feedback@2x.png */; };
		DDEB489818542883006FAED3 /* icon_fuel@2x.png in Resources */ = {isa = PBXBuildFile; fileRef = DDEB484218542883006FAED3 /* icon_fuel@2x.png */; };
		DDEB489918542883006FAED3 /* icon_hotline@2x.png in Resources */ = {isa = PBXBuildFile; fileRef = DDEB484318542883006FAED3 /* icon_hotline@2x.png */; };
		DDEB489A18542883006FAED3 /* icon_language@2x.png in Resources */ = {isa = PBXBuildFile; fileRef = DDEB484418542883006FAED3 /* icon_language@2x.png */; };
		DDEB489B18542883006FAED3 /* icon_menu@2x.png in Resources */ = {isa = PBXBuildFile; fileRef = DDEB484518542883006FAED3 /* icon_menu@2x.png */; };
		DDEB489C18542883006FAED3 /* icon_metrics@2x.png in Resources */ = {isa = PBXBuildFile; fileRef = DDEB484618542883006FAED3 /* icon_metrics@2x.png */; };
		DDEB489D18542883006FAED3 /* icon_settings@2x.png in Resources */ = {isa = PBXBuildFile; fileRef = DDEB484718542883006FAED3 /* icon_settings@2x.png */; };
		DDEB489E18542883006FAED3 /* icon_social_over@2x.png in Resources */ = {isa = PBXBuildFile; fileRef = DDEB484818542883006FAED3 /* icon_social_over@2x.png */; };
		DDEB489F18542883006FAED3 /* icon_vk@2x.png in Resources */ = {isa = PBXBuildFile; fileRef = DDEB484918542883006FAED3 /* icon_vk@2x.png */; };
		DDEB48A018542883006FAED3 /* line_menu@2x.png in Resources */ = {isa = PBXBuildFile; fileRef = DDEB484A18542883006FAED3 /* line_menu@2x.png */; };
		DDEB48A118542883006FAED3 /* logo@2x.png in Resources */ = {isa = PBXBuildFile; fileRef = DDEB484B18542883006FAED3 /* logo@2x.png */; };
		DDEB48A218542883006FAED3 /* main_bg@2x.png in Resources */ = {isa = PBXBuildFile; fileRef = DDEB484C18542883006FAED3 /* main_bg@2x.png */; };
		DDEB48A318542883006FAED3 /* marker@2x.png in Resources */ = {isa = PBXBuildFile; fileRef = DDEB484D18542883006FAED3 /* marker@2x.png */; };
		DDEB48A418542883006FAED3 /* news_bg@2x.png in Resources */ = {isa = PBXBuildFile; fileRef = DDEB484E18542883006FAED3 /* news_bg@2x.png */; };
		DDEB48A518542883006FAED3 /* news_over@2x.png in Resources */ = {isa = PBXBuildFile; fileRef = DDEB484F18542883006FAED3 /* news_over@2x.png */; };
		DDEB48A618542883006FAED3 /* price_bg@2x.png in Resources */ = {isa = PBXBuildFile; fileRef = DDEB485018542883006FAED3 /* price_bg@2x.png */; };
		DDEB48A718542883006FAED3 /* price_border@2x.png in Resources */ = {isa = PBXBuildFile; fileRef = DDEB485118542883006FAED3 /* price_border@2x.png */; };
		DDEB48A818542883006FAED3 /* price_over@2x.png in Resources */ = {isa = PBXBuildFile; fileRef = DDEB485218542883006FAED3 /* price_over@2x.png */; };
		DDEB48A918542883006FAED3 /* tab_left@2x.png in Resources */ = {isa = PBXBuildFile; fileRef = DDEB485318542883006FAED3 /* tab_left@2x.png */; };
		DDEB48AA18542883006FAED3 /* tab_left_pressed@2x.png in Resources */ = {isa = PBXBuildFile; fileRef = DDEB485418542883006FAED3 /* tab_left_pressed@2x.png */; };
		DDEB48AB18542883006FAED3 /* tab_right@2x.png in Resources */ = {isa = PBXBuildFile; fileRef = DDEB485518542883006FAED3 /* tab_right@2x.png */; };
		DDEB48AC18542883006FAED3 /* tab_right_pressed@2x.png in Resources */ = {isa = PBXBuildFile; fileRef = DDEB485618542883006FAED3 /* tab_right_pressed@2x.png */; };
		DDEB48B218544BF9006FAED3 /* ScrollView.m in Sources */ = {isa = PBXBuildFile; fileRef = DDEB48B118544BF9006FAED3 /* ScrollView.m */; };
		DDEB48B518544CF5006FAED3 /* MyMapView.m in Sources */ = {isa = PBXBuildFile; fileRef = DDEB48B418544CF5006FAED3 /* MyMapView.m */; };
		DDEB48BC185452A4006FAED3 /* MapViewController.m in Sources */ = {isa = PBXBuildFile; fileRef = DDEB48BB185452A4006FAED3 /* MapViewController.m */; };
/* End PBXBuildFile section */

/* Begin PBXContainerItemProxy section */
		9CF17A6918431F80007FF8D9 /* PBXContainerItemProxy */ = {
			isa = PBXContainerItemProxy;
			containerPortal = 9CF17A3818431F7F007FF8D9 /* Project object */;
			proxyType = 1;
			remoteGlobalIDString = 9CF17A3F18431F7F007FF8D9;
			remoteInfo = iSinooil;
		};
/* End PBXContainerItemProxy section */

/* Begin PBXFileReference section */
		844293A318A1ED0F00DDC7F3 /* UIScrollView+SVInfiniteScrolling.h */ = {isa = PBXFileReference; fileEncoding = 4; lastKnownFileType = sourcecode.c.h; path = "UIScrollView+SVInfiniteScrolling.h"; sourceTree = "<group>"; };
		844293A418A1ED0F00DDC7F3 /* UIScrollView+SVInfiniteScrolling.m */ = {isa = PBXFileReference; fileEncoding = 4; lastKnownFileType = sourcecode.c.objc; path = "UIScrollView+SVInfiniteScrolling.m"; sourceTree = "<group>"; };
		844293A718A1EDC700DDC7F3 /* libTestFlight.a */ = {isa = PBXFileReference; lastKnownFileType = archive.ar; path = libTestFlight.a; sourceTree = "<group>"; };
		844293A818A1EDC700DDC7F3 /* README.md */ = {isa = PBXFileReference; fileEncoding = 4; lastKnownFileType = text; path = README.md; sourceTree = "<group>"; };
		844293A918A1EDC700DDC7F3 /* release_notes.md */ = {isa = PBXFileReference; fileEncoding = 4; lastKnownFileType = text; path = release_notes.md; sourceTree = "<group>"; };
		844293AA18A1EDC700DDC7F3 /* TestFlight+AsyncLogging.h */ = {isa = PBXFileReference; fileEncoding = 4; lastKnownFileType = sourcecode.c.h; path = "TestFlight+AsyncLogging.h"; sourceTree = "<group>"; };
		844293AB18A1EDC700DDC7F3 /* TestFlight+ManualSessions.h */ = {isa = PBXFileReference; fileEncoding = 4; lastKnownFileType = sourcecode.c.h; path = "TestFlight+ManualSessions.h"; sourceTree = "<group>"; };
		844293AC18A1EDC700DDC7F3 /* TestFlight.h */ = {isa = PBXFileReference; fileEncoding = 4; lastKnownFileType = sourcecode.c.h; path = TestFlight.h; sourceTree = "<group>"; };
		846938E4187A81640037CABC /* StationListDataSource.h */ = {isa = PBXFileReference; fileEncoding = 4; lastKnownFileType = sourcecode.c.h; path = StationListDataSource.h; sourceTree = "<group>"; };
		846938E5187A81640037CABC /* StationListDataSource.m */ = {isa = PBXFileReference; fileEncoding = 4; lastKnownFileType = sourcecode.c.objc; path = StationListDataSource.m; sourceTree = "<group>"; };
		847E7CB6188EADB8007401F1 /* PricesDataSource.h */ = {isa = PBXFileReference; fileEncoding = 4; lastKnownFileType = sourcecode.c.h; path = PricesDataSource.h; sourceTree = "<group>"; };
		847E7CB7188EADB8007401F1 /* PricesDataSource.m */ = {isa = PBXFileReference; fileEncoding = 4; lastKnownFileType = sourcecode.c.objc; path = PricesDataSource.m; sourceTree = "<group>"; };
		849A29A418A22AE900A68987 /* ActsDataSource.h */ = {isa = PBXFileReference; fileEncoding = 4; lastKnownFileType = sourcecode.c.h; path = ActsDataSource.h; sourceTree = "<group>"; };
		849A29A518A22AE900A68987 /* ActsDataSource.m */ = {isa = PBXFileReference; fileEncoding = 4; lastKnownFileType = sourcecode.c.objc; path = ActsDataSource.m; sourceTree = "<group>"; };
		849A29A718A22C8300A68987 /* ActsViewController.h */ = {isa = PBXFileReference; fileEncoding = 4; lastKnownFileType = sourcecode.c.h; path = ActsViewController.h; sourceTree = "<group>"; };
		849A29A818A22C8300A68987 /* ActsViewController.m */ = {isa = PBXFileReference; fileEncoding = 4; lastKnownFileType = sourcecode.c.objc; path = ActsViewController.m; sourceTree = "<group>"; };
		849A29AA18A22EDF00A68987 /* ActCell.h */ = {isa = PBXFileReference; fileEncoding = 4; lastKnownFileType = sourcecode.c.h; path = ActCell.h; sourceTree = "<group>"; };
		849A29AB18A22EDF00A68987 /* ActCell.m */ = {isa = PBXFileReference; fileEncoding = 4; lastKnownFileType = sourcecode.c.objc; path = ActCell.m; sourceTree = "<group>"; };
		84BC6401187E7CBD00BF030B /* head_gr2.png */ = {isa = PBXFileReference; lastKnownFileType = image.png; path = head_gr2.png; sourceTree = "<group>"; };
		84C68CC0188E524200FD68D0 /* PriceViewController.h */ = {isa = PBXFileReference; fileEncoding = 4; lastKnownFileType = sourcecode.c.h; path = PriceViewController.h; sourceTree = "<group>"; };
		84C68CC1188E524200FD68D0 /* PriceViewController.m */ = {isa = PBXFileReference; fileEncoding = 4; lastKnownFileType = sourcecode.c.objc; path = PriceViewController.m; sourceTree = "<group>"; };
		84CC0F7D18A4AFC9006F84C6 /* AboutViewController.h */ = {isa = PBXFileReference; fileEncoding = 4; lastKnownFileType = sourcecode.c.h; path = AboutViewController.h; sourceTree = "<group>"; };
		84CC0F7E18A4AFC9006F84C6 /* AboutViewController.m */ = {isa = PBXFileReference; fileEncoding = 4; lastKnownFileType = sourcecode.c.objc; path = AboutViewController.m; sourceTree = "<group>"; };
		84CC0F8118A4B1AF006F84C6 /* bubble_dark_tail@2x.png */ = {isa = PBXFileReference; lastKnownFileType = image.png; path = "bubble_dark_tail@2x.png"; sourceTree = "<group>"; };
		84CC0F8218A4B1AF006F84C6 /* bubble_dark@2x.png */ = {isa = PBXFileReference; lastKnownFileType = image.png; path = "bubble_dark@2x.png"; sourceTree = "<group>"; };
		84CC0F8318A4B1AF006F84C6 /* bubble_light@2x.png */ = {isa = PBXFileReference; lastKnownFileType = image.png; path = "bubble_light@2x.png"; sourceTree = "<group>"; };
		84CC0F8418A4B1AF006F84C6 /* bubble_ligth_tail@2x.png */ = {isa = PBXFileReference; lastKnownFileType = image.png; path = "bubble_ligth_tail@2x.png"; sourceTree = "<group>"; };
		84CC0F8518A4B1AF006F84C6 /* contacts_white@2x.png */ = {isa = PBXFileReference; lastKnownFileType = image.png; path = "contacts_white@2x.png"; sourceTree = "<group>"; };
		84CC0F8618A4B1AF006F84C6 /* contacts@2x.png */ = {isa = PBXFileReference; lastKnownFileType = image.png; path = "contacts@2x.png"; sourceTree = "<group>"; };
		84CC0F8E18A4BBC0006F84C6 /* ru */ = {isa = PBXFileReference; lastKnownFileType = text.plist.strings; name = ru; path = ru.lproj/Main_iPhone.strings; sourceTree = "<group>"; };
		84CC0F8F18A4BF09006F84C6 /* about.json */ = {isa = PBXFileReference; fileEncoding = 4; lastKnownFileType = text.json; path = about.json; sourceTree = "<group>"; };
		84DA053E187D846D004592EC /* HelveticaNeueCyr-Black.otf */ = {isa = PBXFileReference; lastKnownFileType = file; path = "HelveticaNeueCyr-Black.otf"; sourceTree = "<group>"; };
		84DA053F187D846D004592EC /* HelveticaNeueCyr-BlackItalic.otf */ = {isa = PBXFileReference; lastKnownFileType = file; path = "HelveticaNeueCyr-BlackItalic.otf"; sourceTree = "<group>"; };
		84DA0540187D846D004592EC /* HelveticaNeueCyr-Bold.otf */ = {isa = PBXFileReference; lastKnownFileType = file; path = "HelveticaNeueCyr-Bold.otf"; sourceTree = "<group>"; };
		84DA0541187D846D004592EC /* HelveticaNeueCyr-BoldItalic.otf */ = {isa = PBXFileReference; lastKnownFileType = file; path = "HelveticaNeueCyr-BoldItalic.otf"; sourceTree = "<group>"; };
		84DA0542187D846D004592EC /* HelveticaNeueCyr-Italic.otf */ = {isa = PBXFileReference; lastKnownFileType = file; path = "HelveticaNeueCyr-Italic.otf"; sourceTree = "<group>"; };
		84DA0543187D846D004592EC /* HelveticaNeueCyr-Light.otf */ = {isa = PBXFileReference; lastKnownFileType = file; path = "HelveticaNeueCyr-Light.otf"; sourceTree = "<group>"; };
		84DA0544187D846D004592EC /* HelveticaNeueCyr-LightItalic.otf */ = {isa = PBXFileReference; lastKnownFileType = file; path = "HelveticaNeueCyr-LightItalic.otf"; sourceTree = "<group>"; };
		84DA0545187D846D004592EC /* HelveticaNeueCyr-Medium.otf */ = {isa = PBXFileReference; lastKnownFileType = file; path = "HelveticaNeueCyr-Medium.otf"; sourceTree = "<group>"; };
		84DA0546187D846D004592EC /* HelveticaNeueCyr-Roman.otf */ = {isa = PBXFileReference; lastKnownFileType = file; path = "HelveticaNeueCyr-Roman.otf"; sourceTree = "<group>"; };
		84DA0547187D846D004592EC /* HelveticaNeueCyr-Thin.otf */ = {isa = PBXFileReference; lastKnownFileType = file; path = "HelveticaNeueCyr-Thin.otf"; sourceTree = "<group>"; };
		84DA0548187D846D004592EC /* HelveticaNeueCyr-ThinItalic.otf */ = {isa = PBXFileReference; lastKnownFileType = file; path = "HelveticaNeueCyr-ThinItalic.otf"; sourceTree = "<group>"; };
		84DA0549187D846D004592EC /* HelveticaNeueCyr-UltraLight.otf */ = {isa = PBXFileReference; lastKnownFileType = file; path = "HelveticaNeueCyr-UltraLight.otf"; sourceTree = "<group>"; };
		84DA054A187D846D004592EC /* HelveticaNeueCyr-UltraLightItalic.otf */ = {isa = PBXFileReference; lastKnownFileType = file; path = "HelveticaNeueCyr-UltraLightItalic.otf"; sourceTree = "<group>"; };
		84F9C696188EBAA700739533 /* PriceCell.h */ = {isa = PBXFileReference; fileEncoding = 4; lastKnownFileType = sourcecode.c.h; path = PriceCell.h; sourceTree = "<group>"; };
		84F9C697188EBAA700739533 /* PriceCell.m */ = {isa = PBXFileReference; fileEncoding = 4; lastKnownFileType = sourcecode.c.objc; path = PriceCell.m; sourceTree = "<group>"; };
		84FDF89B187AA9610082595A /* StationViewCell.h */ = {isa = PBXFileReference; fileEncoding = 4; lastKnownFileType = sourcecode.c.h; path = StationViewCell.h; sourceTree = "<group>"; };
		84FDF89C187AA9610082595A /* StationViewCell.m */ = {isa = PBXFileReference; fileEncoding = 4; lastKnownFileType = sourcecode.c.objc; path = StationViewCell.m; sourceTree = "<group>"; };
		9CF17A4018431F7F007FF8D9 /* iSinooil.app */ = {isa = PBXFileReference; explicitFileType = wrapper.application; includeInIndex = 0; path = iSinooil.app; sourceTree = BUILT_PRODUCTS_DIR; };
		9CF17A4318431F7F007FF8D9 /* Foundation.framework */ = {isa = PBXFileReference; lastKnownFileType = wrapper.framework; name = Foundation.framework; path = System/Library/Frameworks/Foundation.framework; sourceTree = SDKROOT; };
		9CF17A4518431F7F007FF8D9 /* CoreGraphics.framework */ = {isa = PBXFileReference; lastKnownFileType = wrapper.framework; name = CoreGraphics.framework; path = System/Library/Frameworks/CoreGraphics.framework; sourceTree = SDKROOT; };
		9CF17A4718431F7F007FF8D9 /* UIKit.framework */ = {isa = PBXFileReference; lastKnownFileType = wrapper.framework; name = UIKit.framework; path = System/Library/Frameworks/UIKit.framework; sourceTree = SDKROOT; };
		9CF17A4B18431F7F007FF8D9 /* iSinooil-Info.plist */ = {isa = PBXFileReference; lastKnownFileType = text.plist.xml; path = "iSinooil-Info.plist"; sourceTree = "<group>"; };
		9CF17A4D18431F7F007FF8D9 /* en */ = {isa = PBXFileReference; lastKnownFileType = text.plist.strings; name = en; path = en.lproj/InfoPlist.strings; sourceTree = "<group>"; };
		9CF17A4F18431F7F007FF8D9 /* main.m */ = {isa = PBXFileReference; lastKnownFileType = sourcecode.c.objc; path = main.m; sourceTree = "<group>"; };
		9CF17A5118431F7F007FF8D9 /* iSinooil-Prefix.pch */ = {isa = PBXFileReference; lastKnownFileType = sourcecode.c.h; path = "iSinooil-Prefix.pch"; sourceTree = "<group>"; };
		9CF17A5218431F7F007FF8D9 /* AppDelegate.h */ = {isa = PBXFileReference; lastKnownFileType = sourcecode.c.h; path = AppDelegate.h; sourceTree = "<group>"; };
		9CF17A5318431F7F007FF8D9 /* AppDelegate.m */ = {isa = PBXFileReference; lastKnownFileType = sourcecode.c.objc; path = AppDelegate.m; sourceTree = "<group>"; };
		9CF17A5618431F7F007FF8D9 /* Base */ = {isa = PBXFileReference; lastKnownFileType = file.storyboard; name = Base; path = Base.lproj/Main_iPhone.storyboard; sourceTree = "<group>"; };
		9CF17A5B18431F7F007FF8D9 /* MainViewController.h */ = {isa = PBXFileReference; lastKnownFileType = sourcecode.c.h; path = MainViewController.h; sourceTree = "<group>"; };
		9CF17A5C18431F7F007FF8D9 /* MainViewController.m */ = {isa = PBXFileReference; lastKnownFileType = sourcecode.c.objc; path = MainViewController.m; sourceTree = "<group>"; };
		9CF17A5E18431F7F007FF8D9 /* Images.xcassets */ = {isa = PBXFileReference; lastKnownFileType = folder.assetcatalog; path = Images.xcassets; sourceTree = "<group>"; };
		9CF17A6418431F80007FF8D9 /* iSinooilTests.xctest */ = {isa = PBXFileReference; explicitFileType = wrapper.cfbundle; includeInIndex = 0; path = iSinooilTests.xctest; sourceTree = BUILT_PRODUCTS_DIR; };
		9CF17A6518431F80007FF8D9 /* XCTest.framework */ = {isa = PBXFileReference; lastKnownFileType = wrapper.framework; name = XCTest.framework; path = Library/Frameworks/XCTest.framework; sourceTree = DEVELOPER_DIR; };
		9CF17A6D18431F80007FF8D9 /* iSinooilTests-Info.plist */ = {isa = PBXFileReference; lastKnownFileType = text.plist.xml; path = "iSinooilTests-Info.plist"; sourceTree = "<group>"; };
		9CF17A6F18431F80007FF8D9 /* en */ = {isa = PBXFileReference; lastKnownFileType = text.plist.strings; name = en; path = en.lproj/InfoPlist.strings; sourceTree = "<group>"; };
		9CF17A7118431F80007FF8D9 /* iSinooilTests.m */ = {isa = PBXFileReference; lastKnownFileType = sourcecode.c.objc; path = iSinooilTests.m; sourceTree = "<group>"; };
		DD3F7459189E082F0082CD30 /* placeholder-icon.png */ = {isa = PBXFileReference; lastKnownFileType = image.png; path = "placeholder-icon.png"; sourceTree = "<group>"; };
		DD3F745A189E082F0082CD30 /* SDImageCache.h */ = {isa = PBXFileReference; fileEncoding = 4; lastKnownFileType = sourcecode.c.h; path = SDImageCache.h; sourceTree = "<group>"; };
		DD3F745B189E082F0082CD30 /* SDImageCache.m */ = {isa = PBXFileReference; fileEncoding = 4; lastKnownFileType = sourcecode.c.objc; path = SDImageCache.m; sourceTree = "<group>"; };
		DD3F745C189E082F0082CD30 /* SDImageCacheDelegate.h */ = {isa = PBXFileReference; fileEncoding = 4; lastKnownFileType = sourcecode.c.h; path = SDImageCacheDelegate.h; sourceTree = "<group>"; };
		DD3F745D189E082F0082CD30 /* SDWebImageCompat.h */ = {isa = PBXFileReference; fileEncoding = 4; lastKnownFileType = sourcecode.c.h; path = SDWebImageCompat.h; sourceTree = "<group>"; };
		DD3F745E189E082F0082CD30 /* SDWebImageDecoder.h */ = {isa = PBXFileReference; fileEncoding = 4; lastKnownFileType = sourcecode.c.h; path = SDWebImageDecoder.h; sourceTree = "<group>"; };
		DD3F745F189E082F0082CD30 /* SDWebImageDecoder.m */ = {isa = PBXFileReference; fileEncoding = 4; lastKnownFileType = sourcecode.c.objc; path = SDWebImageDecoder.m; sourceTree = "<group>"; };
		DD3F7460189E082F0082CD30 /* SDWebImageDownloader.h */ = {isa = PBXFileReference; fileEncoding = 4; lastKnownFileType = sourcecode.c.h; path = SDWebImageDownloader.h; sourceTree = "<group>"; };
		DD3F7461189E082F0082CD30 /* SDWebImageDownloader.m */ = {isa = PBXFileReference; fileEncoding = 4; lastKnownFileType = sourcecode.c.objc; path = SDWebImageDownloader.m; sourceTree = "<group>"; };
		DD3F7462189E082F0082CD30 /* SDWebImageDownloaderDelegate.h */ = {isa = PBXFileReference; fileEncoding = 4; lastKnownFileType = sourcecode.c.h; path = SDWebImageDownloaderDelegate.h; sourceTree = "<group>"; };
		DD3F7463189E082F0082CD30 /* SDWebImageManager.h */ = {isa = PBXFileReference; fileEncoding = 4; lastKnownFileType = sourcecode.c.h; path = SDWebImageManager.h; sourceTree = "<group>"; };
		DD3F7464189E082F0082CD30 /* SDWebImageManager.m */ = {isa = PBXFileReference; fileEncoding = 4; lastKnownFileType = sourcecode.c.objc; path = SDWebImageManager.m; sourceTree = "<group>"; };
		DD3F7465189E082F0082CD30 /* SDWebImageManagerDelegate.h */ = {isa = PBXFileReference; fileEncoding = 4; lastKnownFileType = sourcecode.c.h; path = SDWebImageManagerDelegate.h; sourceTree = "<group>"; };
		DD3F7466189E082F0082CD30 /* SDWebImagePrefetcher.h */ = {isa = PBXFileReference; fileEncoding = 4; lastKnownFileType = sourcecode.c.h; path = SDWebImagePrefetcher.h; sourceTree = "<group>"; };
		DD3F7467189E082F0082CD30 /* SDWebImagePrefetcher.m */ = {isa = PBXFileReference; fileEncoding = 4; lastKnownFileType = sourcecode.c.objc; path = SDWebImagePrefetcher.m; sourceTree = "<group>"; };
		DD3F7468189E082F0082CD30 /* UIImageView+WebCache.h */ = {isa = PBXFileReference; fileEncoding = 4; lastKnownFileType = sourcecode.c.h; path = "UIImageView+WebCache.h"; sourceTree = "<group>"; };
		DD3F7469189E082F0082CD30 /* UIImageView+WebCache.m */ = {isa = PBXFileReference; fileEncoding = 4; lastKnownFileType = sourcecode.c.objc; path = "UIImageView+WebCache.m"; sourceTree = "<group>"; };
		DD3F7471189E147F0082CD30 /* NewsViewController.h */ = {isa = PBXFileReference; fileEncoding = 4; lastKnownFileType = sourcecode.c.h; path = NewsViewController.h; sourceTree = "<group>"; };
		DD3F7472189E147F0082CD30 /* NewsViewController.m */ = {isa = PBXFileReference; fileEncoding = 4; lastKnownFileType = sourcecode.c.objc; path = NewsViewController.m; sourceTree = "<group>"; };
		DD3F7474189E15260082CD30 /* NewsDataSource.h */ = {isa = PBXFileReference; fileEncoding = 4; lastKnownFileType = sourcecode.c.h; path = NewsDataSource.h; sourceTree = "<group>"; };
		DD3F7475189E15260082CD30 /* NewsDataSource.m */ = {isa = PBXFileReference; fileEncoding = 4; lastKnownFileType = sourcecode.c.objc; path = NewsDataSource.m; sourceTree = "<group>"; };
		DD3F7477189E164C0082CD30 /* NewsCell.h */ = {isa = PBXFileReference; fileEncoding = 4; lastKnownFileType = sourcecode.c.h; path = NewsCell.h; sourceTree = "<group>"; };
		DD3F7478189E164C0082CD30 /* NewsCell.m */ = {isa = PBXFileReference; fileEncoding = 4; lastKnownFileType = sourcecode.c.objc; path = NewsCell.m; sourceTree = "<group>"; };
		DD46151318751E88008FCD16 /* article.json */ = {isa = PBXFileReference; fileEncoding = 4; lastKnownFileType = text.json; path = article.json; sourceTree = "<group>"; };
		DD46151418751E88008FCD16 /* azs.json */ = {isa = PBXFileReference; fileEncoding = 4; lastKnownFileType = text.json; path = azs.json; sourceTree = "<group>"; };
		DD46151518751E88008FCD16 /* fuel.json */ = {isa = PBXFileReference; fileEncoding = 4; lastKnownFileType = text.json; path = fuel.json; sourceTree = "<group>"; };
		DD46151618751E88008FCD16 /* news.json */ = {isa = PBXFileReference; fileEncoding = 4; lastKnownFileType = text.json; path = news.json; sourceTree = "<group>"; };
		DD96D13C189E7E4700B78B1D /* libz.dylib */ = {isa = PBXFileReference; lastKnownFileType = "compiled.mach-o.dylib"; name = libz.dylib; path = usr/lib/libz.dylib; sourceTree = SDKROOT; };
		DDA70D1F1876DA7200C89F86 /* MapPoint.h */ = {isa = PBXFileReference; fileEncoding = 4; lastKnownFileType = sourcecode.c.h; path = MapPoint.h; sourceTree = "<group>"; };
		DDA70D201876DA7200C89F86 /* MapPoint.m */ = {isa = PBXFileReference; fileEncoding = 4; lastKnownFileType = sourcecode.c.objc; path = MapPoint.m; sourceTree = "<group>"; };
		DDA70D221876E0DD00C89F86 /* MapSource.h */ = {isa = PBXFileReference; fileEncoding = 4; lastKnownFileType = sourcecode.c.h; path = MapSource.h; sourceTree = "<group>"; };
		DDA70D231876E0DD00C89F86 /* MapSource.m */ = {isa = PBXFileReference; fileEncoding = 4; lastKnownFileType = sourcecode.c.objc; path = MapSource.m; sourceTree = "<group>"; };
		DDA70D251876EA4400C89F86 /* StationAnnotationView.h */ = {isa = PBXFileReference; fileEncoding = 4; lastKnownFileType = sourcecode.c.h; path = StationAnnotationView.h; sourceTree = "<group>"; };
		DDA70D261876EA4400C89F86 /* StationAnnotationView.m */ = {isa = PBXFileReference; fileEncoding = 4; lastKnownFileType = sourcecode.c.objc; path = StationAnnotationView.m; sourceTree = "<group>"; };
		DDB2E99E189E3A5D0080FE75 /* NewsDetailViewController.h */ = {isa = PBXFileReference; fileEncoding = 4; lastKnownFileType = sourcecode.c.h; path = NewsDetailViewController.h; sourceTree = "<group>"; };
		DDB2E99F189E3A5D0080FE75 /* NewsDetailViewController.m */ = {isa = PBXFileReference; fileEncoding = 4; lastKnownFileType = sourcecode.c.objc; path = NewsDetailViewController.m; sourceTree = "<group>"; };
		DDBE9BA518A6315A000FB34D /* AboutDetailViewController.h */ = {isa = PBXFileReference; fileEncoding = 4; lastKnownFileType = sourcecode.c.h; path = AboutDetailViewController.h; sourceTree = "<group>"; };
		DDBE9BA618A6315A000FB34D /* AboutDetailViewController.m */ = {isa = PBXFileReference; fileEncoding = 4; lastKnownFileType = sourcecode.c.objc; path = AboutDetailViewController.m; sourceTree = "<group>"; };
		DDC8734918752EC300393876 /* ru */ = {isa = PBXFileReference; lastKnownFileType = text.plist.strings; name = ru; path = ru.lproj/InfoPlist.strings; sourceTree = "<group>"; };
		DDC8734A18752EC300393876 /* ru */ = {isa = PBXFileReference; lastKnownFileType = text.plist.strings; name = ru; path = ru.lproj/InfoPlist.strings; sourceTree = "<group>"; };
		DDC8734E1875301A00393876 /* Base */ = {isa = PBXFileReference; lastKnownFileType = text.plist.strings; name = Base; path = Base.lproj/Localizable.strings; sourceTree = "<group>"; };
		DDC873501875302F00393876 /* ru */ = {isa = PBXFileReference; lastKnownFileType = text.plist.strings; name = ru; path = ru.lproj/Localizable.strings; sourceTree = "<group>"; };
		DDC8735118754F4200393876 /* MenuViewController.h */ = {isa = PBXFileReference; fileEncoding = 4; lastKnownFileType = sourcecode.c.h; path = MenuViewController.h; sourceTree = "<group>"; };
		DDC8735218754F4200393876 /* MenuViewController.m */ = {isa = PBXFileReference; fileEncoding = 4; lastKnownFileType = sourcecode.c.objc; path = MenuViewController.m; sourceTree = "<group>"; };
		DDC873541875ADF600393876 /* Common.h */ = {isa = PBXFileReference; fileEncoding = 4; lastKnownFileType = sourcecode.c.h; path = Common.h; sourceTree = "<group>"; };
		DDC873551875ADF600393876 /* Common.m */ = {isa = PBXFileReference; fileEncoding = 4; lastKnownFileType = sourcecode.c.objc; path = Common.m; sourceTree = "<group>"; };
		DDEB474D1854211B006FAED3 /* MapKit.framework */ = {isa = PBXFileReference; lastKnownFileType = wrapper.framework; name = MapKit.framework; path = System/Library/Frameworks/MapKit.framework; sourceTree = SDKROOT; };
		DDEB480018542883006FAED3 /* arrowdown_dark@2x.png */ = {isa = PBXFileReference; lastKnownFileType = image.png; path = "arrowdown_dark@2x.png"; sourceTree = "<group>"; };
		DDEB480118542883006FAED3 /* arrowdown_light@2x.png */ = {isa = PBXFileReference; lastKnownFileType = image.png; path = "arrowdown_light@2x.png"; sourceTree = "<group>"; };
		DDEB480218542883006FAED3 /* arrowleft_red@2x.png */ = {isa = PBXFileReference; lastKnownFileType = image.png; path = "arrowleft_red@2x.png"; sourceTree = "<group>"; };
		DDEB480318542883006FAED3 /* arrowleft_white@2x.png */ = {isa = PBXFileReference; lastKnownFileType = image.png; path = "arrowleft_white@2x.png"; sourceTree = "<group>"; };
		DDEB480418542883006FAED3 /* arrowup_dark@2x.png */ = {isa = PBXFileReference; lastKnownFileType = image.png; path = "arrowup_dark@2x.png"; sourceTree = "<group>"; };
		DDEB480518542883006FAED3 /* arrowup_light@2x.png */ = {isa = PBXFileReference; lastKnownFileType = image.png; path = "arrowup_light@2x.png"; sourceTree = "<group>"; };
		DDEB480618542883006FAED3 /* button1@2x.png */ = {isa = PBXFileReference; lastKnownFileType = image.png; path = "button1@2x.png"; sourceTree = "<group>"; };
		DDEB480718542883006FAED3 /* button2@2x.png */ = {isa = PBXFileReference; lastKnownFileType = image.png; path = "button2@2x.png"; sourceTree = "<group>"; };
		DDEB480818542883006FAED3 /* button_border@2x.png */ = {isa = PBXFileReference; lastKnownFileType = image.png; path = "button_border@2x.png"; sourceTree = "<group>"; };
		DDEB480918542883006FAED3 /* button_over@2x.png */ = {isa = PBXFileReference; lastKnownFileType = image.png; path = "button_over@2x.png"; sourceTree = "<group>"; };
		DDEB480B18542883006FAED3 /* icon_80@2x.png */ = {isa = PBXFileReference; lastKnownFileType = image.png; path = "icon_80@2x.png"; sourceTree = "<group>"; };
		DDEB480C18542883006FAED3 /* icon_80_inactive@2x.png */ = {isa = PBXFileReference; lastKnownFileType = image.png; path = "icon_80_inactive@2x.png"; sourceTree = "<group>"; };
		DDEB480D18542883006FAED3 /* icon_80_pressed@2x.png */ = {isa = PBXFileReference; lastKnownFileType = image.png; path = "icon_80_pressed@2x.png"; sourceTree = "<group>"; };
		DDEB480E18542883006FAED3 /* icon_92@2x.png */ = {isa = PBXFileReference; lastKnownFileType = image.png; path = "icon_92@2x.png"; sourceTree = "<group>"; };
		DDEB480F18542883006FAED3 /* icon_92_inactive@2x.png */ = {isa = PBXFileReference; lastKnownFileType = image.png; path = "icon_92_inactive@2x.png"; sourceTree = "<group>"; };
		DDEB481018542883006FAED3 /* icon_92_pressed@2x.png */ = {isa = PBXFileReference; lastKnownFileType = image.png; path = "icon_92_pressed@2x.png"; sourceTree = "<group>"; };
		DDEB481118542883006FAED3 /* icon_93@2x.png */ = {isa = PBXFileReference; lastKnownFileType = image.png; path = "icon_93@2x.png"; sourceTree = "<group>"; };
		DDEB481218542883006FAED3 /* icon_93_inactive@2x.png */ = {isa = PBXFileReference; lastKnownFileType = image.png; path = "icon_93_inactive@2x.png"; sourceTree = "<group>"; };
		DDEB481318542883006FAED3 /* icon_93_pressed@2x.png */ = {isa = PBXFileReference; lastKnownFileType = image.png; path = "icon_93_pressed@2x.png"; sourceTree = "<group>"; };
		DDEB481418542883006FAED3 /* icon_96@2x.png */ = {isa = PBXFileReference; lastKnownFileType = image.png; path = "icon_96@2x.png"; sourceTree = "<group>"; };
		DDEB481518542883006FAED3 /* icon_96_inactive@2x.png */ = {isa = PBXFileReference; lastKnownFileType = image.png; path = "icon_96_inactive@2x.png"; sourceTree = "<group>"; };
		DDEB481618542883006FAED3 /* icon_96_pressed@2x.png */ = {isa = PBXFileReference; lastKnownFileType = image.png; path = "icon_96_pressed@2x.png"; sourceTree = "<group>"; };
		DDEB481718542883006FAED3 /* icon_97@2x.png */ = {isa = PBXFileReference; lastKnownFileType = image.png; path = "icon_97@2x.png"; sourceTree = "<group>"; };
		DDEB481818542883006FAED3 /* icon_97_inactive@2x.png */ = {isa = PBXFileReference; lastKnownFileType = image.png; path = "icon_97_inactive@2x.png"; sourceTree = "<group>"; };
		DDEB481918542883006FAED3 /* icon_97_pressed@2x.png */ = {isa = PBXFileReference; lastKnownFileType = image.png; path = "icon_97_pressed@2x.png"; sourceTree = "<group>"; };
		DDEB481A18542883006FAED3 /* icon_amer@2x.png */ = {isa = PBXFileReference; lastKnownFileType = image.png; path = "icon_amer@2x.png"; sourceTree = "<group>"; };
		DDEB481B18542883006FAED3 /* icon_amer_inactive@2x.png */ = {isa = PBXFileReference; lastKnownFileType = image.png; path = "icon_amer_inactive@2x.png"; sourceTree = "<group>"; };
		DDEB481C18542883006FAED3 /* icon_amer_pressed@2x.png */ = {isa = PBXFileReference; lastKnownFileType = image.png; path = "icon_amer_pressed@2x.png"; sourceTree = "<group>"; };
		DDEB481D18542883006FAED3 /* icon_atm@2x.png */ = {isa = PBXFileReference; lastKnownFileType = image.png; path = "icon_atm@2x.png"; sourceTree = "<group>"; };
		DDEB481E18542883006FAED3 /* icon_atm_inactive@2x.png */ = {isa = PBXFileReference; lastKnownFileType = image.png; path = "icon_atm_inactive@2x.png"; sourceTree = "<group>"; };
		DDEB481F18542883006FAED3 /* icon_atm_pressed@2x.png */ = {isa = PBXFileReference; lastKnownFileType = image.png; path = "icon_atm_pressed@2x.png"; sourceTree = "<group>"; };
		DDEB482018542883006FAED3 /* icon_cafe@2x.png */ = {isa = PBXFileReference; lastKnownFileType = image.png; path = "icon_cafe@2x.png"; sourceTree = "<group>"; };
		DDEB482118542883006FAED3 /* icon_cafe_inactive@2x.png */ = {isa = PBXFileReference; lastKnownFileType = image.png; path = "icon_cafe_inactive@2x.png"; sourceTree = "<group>"; };
		DDEB482218542883006FAED3 /* icon_cafe_pressed@2x.png */ = {isa = PBXFileReference; lastKnownFileType = image.png; path = "icon_cafe_pressed@2x.png"; sourceTree = "<group>"; };
		DDEB482318542883006FAED3 /* icon_diesel@2x.png */ = {isa = PBXFileReference; lastKnownFileType = image.png; path = "icon_diesel@2x.png"; sourceTree = "<group>"; };
		DDEB482418542883006FAED3 /* icon_diesel_inactive@2x.png */ = {isa = PBXFileReference; lastKnownFileType = image.png; path = "icon_diesel_inactive@2x.png"; sourceTree = "<group>"; };
		DDEB482518542883006FAED3 /* icon_diesel_pressed@2x.png */ = {isa = PBXFileReference; lastKnownFileType = image.png; path = "icon_diesel_pressed@2x.png"; sourceTree = "<group>"; };
		DDEB482618542883006FAED3 /* icon_market@2x.png */ = {isa = PBXFileReference; lastKnownFileType = image.png; path = "icon_market@2x.png"; sourceTree = "<group>"; };
		DDEB482718542883006FAED3 /* icon_market_inactive@2x.png */ = {isa = PBXFileReference; lastKnownFileType = image.png; path = "icon_market_inactive@2x.png"; sourceTree = "<group>"; };
		DDEB482818542883006FAED3 /* icon_market_pressed@2x.png */ = {isa = PBXFileReference; lastKnownFileType = image.png; path = "icon_market_pressed@2x.png"; sourceTree = "<group>"; };
		DDEB482918542883006FAED3 /* icon_master@2x.png */ = {isa = PBXFileReference; lastKnownFileType = image.png; path = "icon_master@2x.png"; sourceTree = "<group>"; };
		DDEB482A18542883006FAED3 /* icon_master_inactive@2x.png */ = {isa = PBXFileReference; lastKnownFileType = image.png; path = "icon_master_inactive@2x.png"; sourceTree = "<group>"; };
		DDEB482B18542883006FAED3 /* icon_master_pressed@2x.png */ = {isa = PBXFileReference; lastKnownFileType = image.png; path = "icon_master_pressed@2x.png"; sourceTree = "<group>"; };
		DDEB482C18542883006FAED3 /* icon_oil@2x.png */ = {isa = PBXFileReference; lastKnownFileType = image.png; path = "icon_oil@2x.png"; sourceTree = "<group>"; };
		DDEB482D18542883006FAED3 /* icon_oil_inactive@2x.png */ = {isa = PBXFileReference; lastKnownFileType = image.png; path = "icon_oil_inactive@2x.png"; sourceTree = "<group>"; };
		DDEB482E18542883006FAED3 /* icon_oil_pressed@2x.png */ = {isa = PBXFileReference; lastKnownFileType = image.png; path = "icon_oil_pressed@2x.png"; sourceTree = "<group>"; };
		DDEB482F18542883006FAED3 /* icon_service@2x.png */ = {isa = PBXFileReference; lastKnownFileType = image.png; path = "icon_service@2x.png"; sourceTree = "<group>"; };
		DDEB483018542883006FAED3 /* icon_service_inactive@2x.png */ = {isa = PBXFileReference; lastKnownFileType = image.png; path = "icon_service_inactive@2x.png"; sourceTree = "<group>"; };
		DDEB483118542883006FAED3 /* icon_service_pressed@2x.png */ = {isa = PBXFileReference; lastKnownFileType = image.png; path = "icon_service_pressed@2x.png"; sourceTree = "<group>"; };
		DDEB483218542883006FAED3 /* icon_terminal@2x.png */ = {isa = PBXFileReference; lastKnownFileType = image.png; path = "icon_terminal@2x.png"; sourceTree = "<group>"; };
		DDEB483318542883006FAED3 /* icon_terminal_inactive@2x.png */ = {isa = PBXFileReference; lastKnownFileType = image.png; path = "icon_terminal_inactive@2x.png"; sourceTree = "<group>"; };
		DDEB483418542883006FAED3 /* icon_terminal_pressed@2x.png */ = {isa = PBXFileReference; lastKnownFileType = image.png; path = "icon_terminal_pressed@2x.png"; sourceTree = "<group>"; };
		DDEB483518542883006FAED3 /* icon_visa@2x.png */ = {isa = PBXFileReference; lastKnownFileType = image.png; path = "icon_visa@2x.png"; sourceTree = "<group>"; };
		DDEB483618542883006FAED3 /* icon_visa_inactive@2x.png */ = {isa = PBXFileReference; lastKnownFileType = image.png; path = "icon_visa_inactive@2x.png"; sourceTree = "<group>"; };
		DDEB483718542883006FAED3 /* icon_visa_pressed@2x.png */ = {isa = PBXFileReference; lastKnownFileType = image.png; path = "icon_visa_pressed@2x.png"; sourceTree = "<group>"; };
		DDEB483818542883006FAED3 /* icon_wash@2x.png */ = {isa = PBXFileReference; lastKnownFileType = image.png; path = "icon_wash@2x.png"; sourceTree = "<group>"; };
		DDEB483918542883006FAED3 /* icon_wash_inactive@2x.png */ = {isa = PBXFileReference; lastKnownFileType = image.png; path = "icon_wash_inactive@2x.png"; sourceTree = "<group>"; };
		DDEB483A18542883006FAED3 /* icon_wash_pressed@2x.png */ = {isa = PBXFileReference; lastKnownFileType = image.png; path = "icon_wash_pressed@2x.png"; sourceTree = "<group>"; };
		DDEB483B18542883006FAED3 /* icon_wheel@2x.png */ = {isa = PBXFileReference; lastKnownFileType = image.png; path = "icon_wheel@2x.png"; sourceTree = "<group>"; };
		DDEB483C18542883006FAED3 /* icon_wheel_inactive@2x.png */ = {isa = PBXFileReference; lastKnownFileType = image.png; path = "icon_wheel_inactive@2x.png"; sourceTree = "<group>"; };
		DDEB483D18542883006FAED3 /* icon_wheel_pressed@2x.png */ = {isa = PBXFileReference; lastKnownFileType = image.png; path = "icon_wheel_pressed@2x.png"; sourceTree = "<group>"; };
		DDEB483E18542883006FAED3 /* icon_back@2x.png */ = {isa = PBXFileReference; lastKnownFileType = image.png; path = "icon_back@2x.png"; sourceTree = "<group>"; };
		DDEB483F18542883006FAED3 /* icon_call@2x.png */ = {isa = PBXFileReference; lastKnownFileType = image.png; path = "icon_call@2x.png"; sourceTree = "<group>"; };
		DDEB484018542883006FAED3 /* icon_fb@2x.png */ = {isa = PBXFileReference; lastKnownFileType = image.png; path = "icon_fb@2x.png"; sourceTree = "<group>"; };
		DDEB484118542883006FAED3 /* icon_feedback@2x.png */ = {isa = PBXFileReference; lastKnownFileType = image.png; path = "icon_feedback@2x.png"; sourceTree = "<group>"; };
		DDEB484218542883006FAED3 /* icon_fuel@2x.png */ = {isa = PBXFileReference; lastKnownFileType = image.png; path = "icon_fuel@2x.png"; sourceTree = "<group>"; };
		DDEB484318542883006FAED3 /* icon_hotline@2x.png */ = {isa = PBXFileReference; lastKnownFileType = image.png; path = "icon_hotline@2x.png"; sourceTree = "<group>"; };
		DDEB484418542883006FAED3 /* icon_language@2x.png */ = {isa = PBXFileReference; lastKnownFileType = image.png; path = "icon_language@2x.png"; sourceTree = "<group>"; };
		DDEB484518542883006FAED3 /* icon_menu@2x.png */ = {isa = PBXFileReference; lastKnownFileType = image.png; path = "icon_menu@2x.png"; sourceTree = "<group>"; };
		DDEB484618542883006FAED3 /* icon_metrics@2x.png */ = {isa = PBXFileReference; lastKnownFileType = image.png; path = "icon_metrics@2x.png"; sourceTree = "<group>"; };
		DDEB484718542883006FAED3 /* icon_settings@2x.png */ = {isa = PBXFileReference; lastKnownFileType = image.png; path = "icon_settings@2x.png"; sourceTree = "<group>"; };
		DDEB484818542883006FAED3 /* icon_social_over@2x.png */ = {isa = PBXFileReference; lastKnownFileType = image.png; path = "icon_social_over@2x.png"; sourceTree = "<group>"; };
		DDEB484918542883006FAED3 /* icon_vk@2x.png */ = {isa = PBXFileReference; lastKnownFileType = image.png; path = "icon_vk@2x.png"; sourceTree = "<group>"; };
		DDEB484A18542883006FAED3 /* line_menu@2x.png */ = {isa = PBXFileReference; lastKnownFileType = image.png; path = "line_menu@2x.png"; sourceTree = "<group>"; };
		DDEB484B18542883006FAED3 /* logo@2x.png */ = {isa = PBXFileReference; lastKnownFileType = image.png; path = "logo@2x.png"; sourceTree = "<group>"; };
		DDEB484C18542883006FAED3 /* main_bg@2x.png */ = {isa = PBXFileReference; lastKnownFileType = image.png; path = "main_bg@2x.png"; sourceTree = "<group>"; };
		DDEB484D18542883006FAED3 /* marker@2x.png */ = {isa = PBXFileReference; lastKnownFileType = image.png; path = "marker@2x.png"; sourceTree = "<group>"; };
		DDEB484E18542883006FAED3 /* news_bg@2x.png */ = {isa = PBXFileReference; lastKnownFileType = image.png; path = "news_bg@2x.png"; sourceTree = "<group>"; };
		DDEB484F18542883006FAED3 /* news_over@2x.png */ = {isa = PBXFileReference; lastKnownFileType = image.png; path = "news_over@2x.png"; sourceTree = "<group>"; };
		DDEB485018542883006FAED3 /* price_bg@2x.png */ = {isa = PBXFileReference; lastKnownFileType = image.png; path = "price_bg@2x.png"; sourceTree = "<group>"; };
		DDEB485118542883006FAED3 /* price_border@2x.png */ = {isa = PBXFileReference; lastKnownFileType = image.png; path = "price_border@2x.png"; sourceTree = "<group>"; };
		DDEB485218542883006FAED3 /* price_over@2x.png */ = {isa = PBXFileReference; lastKnownFileType = image.png; path = "price_over@2x.png"; sourceTree = "<group>"; };
		DDEB485318542883006FAED3 /* tab_left@2x.png */ = {isa = PBXFileReference; lastKnownFileType = image.png; path = "tab_left@2x.png"; sourceTree = "<group>"; };
		DDEB485418542883006FAED3 /* tab_left_pressed@2x.png */ = {isa = PBXFileReference; lastKnownFileType = image.png; path = "tab_left_pressed@2x.png"; sourceTree = "<group>"; };
		DDEB485518542883006FAED3 /* tab_right@2x.png */ = {isa = PBXFileReference; lastKnownFileType = image.png; path = "tab_right@2x.png"; sourceTree = "<group>"; };
		DDEB485618542883006FAED3 /* tab_right_pressed@2x.png */ = {isa = PBXFileReference; lastKnownFileType = image.png; path = "tab_right_pressed@2x.png"; sourceTree = "<group>"; };
		DDEB48B018544BF9006FAED3 /* ScrollView.h */ = {isa = PBXFileReference; fileEncoding = 4; lastKnownFileType = sourcecode.c.h; path = ScrollView.h; sourceTree = "<group>"; };
		DDEB48B118544BF9006FAED3 /* ScrollView.m */ = {isa = PBXFileReference; fileEncoding = 4; lastKnownFileType = sourcecode.c.objc; path = ScrollView.m; sourceTree = "<group>"; };
		DDEB48B318544CF5006FAED3 /* MyMapView.h */ = {isa = PBXFileReference; fileEncoding = 4; lastKnownFileType = sourcecode.c.h; path = MyMapView.h; sourceTree = "<group>"; };
		DDEB48B418544CF5006FAED3 /* MyMapView.m */ = {isa = PBXFileReference; fileEncoding = 4; lastKnownFileType = sourcecode.c.objc; path = MyMapView.m; sourceTree = "<group>"; };
		DDEB48BA185452A4006FAED3 /* MapViewController.h */ = {isa = PBXFileReference; fileEncoding = 4; lastKnownFileType = sourcecode.c.h; path = MapViewController.h; sourceTree = "<group>"; };
		DDEB48BB185452A4006FAED3 /* MapViewController.m */ = {isa = PBXFileReference; fileEncoding = 4; lastKnownFileType = sourcecode.c.objc; path = MapViewController.m; sourceTree = "<group>"; };
/* End PBXFileReference section */

/* Begin PBXFrameworksBuildPhase section */
		9CF17A3D18431F7F007FF8D9 /* Frameworks */ = {
			isa = PBXFrameworksBuildPhase;
			buildActionMask = 2147483647;
			files = (
				DD96D13D189E7E4700B78B1D /* libz.dylib in Frameworks */,
				DDEB474E1854211B006FAED3 /* MapKit.framework in Frameworks */,
				9CF17A4618431F7F007FF8D9 /* CoreGraphics.framework in Frameworks */,
				844293AD18A1EDC700DDC7F3 /* libTestFlight.a in Frameworks */,
				9CF17A4818431F7F007FF8D9 /* UIKit.framework in Frameworks */,
				9CF17A4418431F7F007FF8D9 /* Foundation.framework in Frameworks */,
			);
			runOnlyForDeploymentPostprocessing = 0;
		};
		9CF17A6118431F80007FF8D9 /* Frameworks */ = {
			isa = PBXFrameworksBuildPhase;
			buildActionMask = 2147483647;
			files = (
				9CF17A6618431F80007FF8D9 /* XCTest.framework in Frameworks */,
				9CF17A6818431F80007FF8D9 /* UIKit.framework in Frameworks */,
				9CF17A6718431F80007FF8D9 /* Foundation.framework in Frameworks */,
			);
			runOnlyForDeploymentPostprocessing = 0;
		};
/* End PBXFrameworksBuildPhase section */

/* Begin PBXGroup section */
		844293A618A1EDC700DDC7F3 /* TestFlightSDK2.2.1 */ = {
			isa = PBXGroup;
			children = (
				844293A718A1EDC700DDC7F3 /* libTestFlight.a */,
				844293A818A1EDC700DDC7F3 /* README.md */,
				844293A918A1EDC700DDC7F3 /* release_notes.md */,
				844293AA18A1EDC700DDC7F3 /* TestFlight+AsyncLogging.h */,
				844293AB18A1EDC700DDC7F3 /* TestFlight+ManualSessions.h */,
				844293AC18A1EDC700DDC7F3 /* TestFlight.h */,
			);
			path = TestFlightSDK2.2.1;
			sourceTree = "<group>";
		};
		846938E7187A84010037CABC /* Data */ = {
			isa = PBXGroup;
			children = (
				847E7CB6188EADB8007401F1 /* PricesDataSource.h */,
				847E7CB7188EADB8007401F1 /* PricesDataSource.m */,
				846938E4187A81640037CABC /* StationListDataSource.h */,
				846938E5187A81640037CABC /* StationListDataSource.m */,
				849A29A418A22AE900A68987 /* ActsDataSource.h */,
				849A29A518A22AE900A68987 /* ActsDataSource.m */,
				DD3F7474189E15260082CD30 /* NewsDataSource.h */,
				DD3F7475189E15260082CD30 /* NewsDataSource.m */,
			);
			name = Data;
			sourceTree = "<group>";
		};
		84CC0F8018A4B192006F84C6 /* last */ = {
			isa = PBXGroup;
			children = (
				84CC0F8118A4B1AF006F84C6 /* bubble_dark_tail@2x.png */,
				84CC0F8218A4B1AF006F84C6 /* bubble_dark@2x.png */,
				84CC0F8318A4B1AF006F84C6 /* bubble_light@2x.png */,
				84CC0F8418A4B1AF006F84C6 /* bubble_ligth_tail@2x.png */,
				84CC0F8518A4B1AF006F84C6 /* contacts_white@2x.png */,
				84CC0F8618A4B1AF006F84C6 /* contacts@2x.png */,
			);
			name = last;
			sourceTree = "<group>";
		};
		84DA053D187D844F004592EC /* Fonts */ = {
			isa = PBXGroup;
			children = (
				84DA053E187D846D004592EC /* HelveticaNeueCyr-Black.otf */,
				84DA053F187D846D004592EC /* HelveticaNeueCyr-BlackItalic.otf */,
				84DA0540187D846D004592EC /* HelveticaNeueCyr-Bold.otf */,
				84DA0541187D846D004592EC /* HelveticaNeueCyr-BoldItalic.otf */,
				84DA0542187D846D004592EC /* HelveticaNeueCyr-Italic.otf */,
				84DA0543187D846D004592EC /* HelveticaNeueCyr-Light.otf */,
				84DA0544187D846D004592EC /* HelveticaNeueCyr-LightItalic.otf */,
				84DA0545187D846D004592EC /* HelveticaNeueCyr-Medium.otf */,
				84DA0546187D846D004592EC /* HelveticaNeueCyr-Roman.otf */,
				84DA0547187D846D004592EC /* HelveticaNeueCyr-Thin.otf */,
				84DA0548187D846D004592EC /* HelveticaNeueCyr-ThinItalic.otf */,
				84DA0549187D846D004592EC /* HelveticaNeueCyr-UltraLight.otf */,
				84DA054A187D846D004592EC /* HelveticaNeueCyr-UltraLightItalic.otf */,
			);
			name = Fonts;
			sourceTree = "<group>";
		};
		9CF17A3718431F7F007FF8D9 = {
			isa = PBXGroup;
			children = (
				9CF17A4918431F7F007FF8D9 /* iSinooil */,
				9CF17A6B18431F80007FF8D9 /* iSinooilTests */,
				9CF17A4218431F7F007FF8D9 /* Frameworks */,
				9CF17A4118431F7F007FF8D9 /* Products */,
			);
			sourceTree = "<group>";
		};
		9CF17A4118431F7F007FF8D9 /* Products */ = {
			isa = PBXGroup;
			children = (
				9CF17A4018431F7F007FF8D9 /* iSinooil.app */,
				9CF17A6418431F80007FF8D9 /* iSinooilTests.xctest */,
			);
			name = Products;
			sourceTree = "<group>";
		};
		9CF17A4218431F7F007FF8D9 /* Frameworks */ = {
			isa = PBXGroup;
			children = (
				DD96D13C189E7E4700B78B1D /* libz.dylib */,
				DDEB474D1854211B006FAED3 /* MapKit.framework */,
				9CF17A4318431F7F007FF8D9 /* Foundation.framework */,
				9CF17A4518431F7F007FF8D9 /* CoreGraphics.framework */,
				9CF17A4718431F7F007FF8D9 /* UIKit.framework */,
				9CF17A6518431F80007FF8D9 /* XCTest.framework */,
			);
			name = Frameworks;
			sourceTree = "<group>";
		};
		9CF17A4918431F7F007FF8D9 /* iSinooil */ = {
			isa = PBXGroup;
			children = (
				844293A618A1EDC700DDC7F3 /* TestFlightSDK2.2.1 */,
				DD3F7458189E082F0082CD30 /* SDWebImage */,
				84DA053D187D844F004592EC /* Fonts */,
				846938E7187A84010037CABC /* Data */,
				DD613618187854D200059DA8 /* Controller */,
				DD46151218751E7A008FCD16 /* jsons */,
				DDEB48AF18544BD0006FAED3 /* View */,
				DDEB47FF18542883006FAED3 /* images */,
				9CF17A5218431F7F007FF8D9 /* AppDelegate.h */,
				9CF17A5318431F7F007FF8D9 /* AppDelegate.m */,
				DDC873541875ADF600393876 /* Common.h */,
				DDC873551875ADF600393876 /* Common.m */,
				9CF17A5E18431F7F007FF8D9 /* Images.xcassets */,
				9CF17A4A18431F7F007FF8D9 /* Supporting Files */,
			);
			path = iSinooil;
			sourceTree = "<group>";
		};
		9CF17A4A18431F7F007FF8D9 /* Supporting Files */ = {
			isa = PBXGroup;
			children = (
				9CF17A4B18431F7F007FF8D9 /* iSinooil-Info.plist */,
				9CF17A4C18431F7F007FF8D9 /* InfoPlist.strings */,
				9CF17A4F18431F7F007FF8D9 /* main.m */,
				9CF17A5118431F7F007FF8D9 /* iSinooil-Prefix.pch */,
				844293A318A1ED0F00DDC7F3 /* UIScrollView+SVInfiniteScrolling.h */,
				844293A418A1ED0F00DDC7F3 /* UIScrollView+SVInfiniteScrolling.m */,
				DDC8734F1875301A00393876 /* Localizable.strings */,
			);
			name = "Supporting Files";
			sourceTree = "<group>";
		};
		9CF17A6B18431F80007FF8D9 /* iSinooilTests */ = {
			isa = PBXGroup;
			children = (
				9CF17A7118431F80007FF8D9 /* iSinooilTests.m */,
				9CF17A6C18431F80007FF8D9 /* Supporting Files */,
			);
			path = iSinooilTests;
			sourceTree = "<group>";
		};
		9CF17A6C18431F80007FF8D9 /* Supporting Files */ = {
			isa = PBXGroup;
			children = (
				9CF17A6D18431F80007FF8D9 /* iSinooilTests-Info.plist */,
				9CF17A6E18431F80007FF8D9 /* InfoPlist.strings */,
			);
			name = "Supporting Files";
			sourceTree = "<group>";
		};
		DD3F7458189E082F0082CD30 /* SDWebImage */ = {
			isa = PBXGroup;
			children = (
				DD3F7459189E082F0082CD30 /* placeholder-icon.png */,
				DD3F745A189E082F0082CD30 /* SDImageCache.h */,
				DD3F745B189E082F0082CD30 /* SDImageCache.m */,
				DD3F745C189E082F0082CD30 /* SDImageCacheDelegate.h */,
				DD3F745D189E082F0082CD30 /* SDWebImageCompat.h */,
				DD3F745E189E082F0082CD30 /* SDWebImageDecoder.h */,
				DD3F745F189E082F0082CD30 /* SDWebImageDecoder.m */,
				DD3F7460189E082F0082CD30 /* SDWebImageDownloader.h */,
				DD3F7461189E082F0082CD30 /* SDWebImageDownloader.m */,
				DD3F7462189E082F0082CD30 /* SDWebImageDownloaderDelegate.h */,
				DD3F7463189E082F0082CD30 /* SDWebImageManager.h */,
				DD3F7464189E082F0082CD30 /* SDWebImageManager.m */,
				DD3F7465189E082F0082CD30 /* SDWebImageManagerDelegate.h */,
				DD3F7466189E082F0082CD30 /* SDWebImagePrefetcher.h */,
				DD3F7467189E082F0082CD30 /* SDWebImagePrefetcher.m */,
				DD3F7468189E082F0082CD30 /* UIImageView+WebCache.h */,
				DD3F7469189E082F0082CD30 /* UIImageView+WebCache.m */,
			);
			path = SDWebImage;
			sourceTree = "<group>";
		};
		DD46151218751E7A008FCD16 /* jsons */ = {
			isa = PBXGroup;
			children = (
				DD46151318751E88008FCD16 /* article.json */,
				DD46151418751E88008FCD16 /* azs.json */,
				DD46151518751E88008FCD16 /* fuel.json */,
				DD46151618751E88008FCD16 /* news.json */,
				84CC0F8F18A4BF09006F84C6 /* about.json */,
			);
			name = jsons;
			sourceTree = "<group>";
		};
		DD613618187854D200059DA8 /* Controller */ = {
			isa = PBXGroup;
			children = (
				84CC0F7D18A4AFC9006F84C6 /* AboutViewController.h */,
				84CC0F7E18A4AFC9006F84C6 /* AboutViewController.m */,
				DDBE9BA518A6315A000FB34D /* AboutDetailViewController.h */,
				DDBE9BA618A6315A000FB34D /* AboutDetailViewController.m */,
				DD3F7471189E147F0082CD30 /* NewsViewController.h */,
				DD3F7472189E147F0082CD30 /* NewsViewController.m */,
				DDB2E99E189E3A5D0080FE75 /* NewsDetailViewController.h */,
				DDB2E99F189E3A5D0080FE75 /* NewsDetailViewController.m */,
				849A29A718A22C8300A68987 /* ActsViewController.h */,
				849A29A818A22C8300A68987 /* ActsViewController.m */,
				84C68CC0188E524200FD68D0 /* PriceViewController.h */,
				84C68CC1188E524200FD68D0 /* PriceViewController.m */,
				9CF17A5B18431F7F007FF8D9 /* MainViewController.h */,
				9CF17A5C18431F7F007FF8D9 /* MainViewController.m */,
				DDC8735118754F4200393876 /* MenuViewController.h */,
				DDC8735218754F4200393876 /* MenuViewController.m */,
				DDA70D281876EA5700C89F86 /* maps */,
			);
			name = Controller;
			sourceTree = "<group>";
		};
		DDA70D281876EA5700C89F86 /* maps */ = {
			isa = PBXGroup;
			children = (
				DDEB48BA185452A4006FAED3 /* MapViewController.h */,
				DDEB48BB185452A4006FAED3 /* MapViewController.m */,
				DDA70D1F1876DA7200C89F86 /* MapPoint.h */,
				DDA70D201876DA7200C89F86 /* MapPoint.m */,
				DDA70D221876E0DD00C89F86 /* MapSource.h */,
				DDA70D231876E0DD00C89F86 /* MapSource.m */,
			);
			name = maps;
			sourceTree = "<group>";
		};
		DDEB47FF18542883006FAED3 /* images */ = {
			isa = PBXGroup;
			children = (
				84CC0F8018A4B192006F84C6 /* last */,
				84BC6401187E7CBD00BF030B /* head_gr2.png */,
				DDEB480018542883006FAED3 /* arrowdown_dark@2x.png */,
				DDEB480118542883006FAED3 /* arrowdown_light@2x.png */,
				DDEB480218542883006FAED3 /* arrowleft_red@2x.png */,
				DDEB480318542883006FAED3 /* arrowleft_white@2x.png */,
				DDEB480418542883006FAED3 /* arrowup_dark@2x.png */,
				DDEB480518542883006FAED3 /* arrowup_light@2x.png */,
				DDEB480618542883006FAED3 /* button1@2x.png */,
				DDEB480718542883006FAED3 /* button2@2x.png */,
				DDEB480818542883006FAED3 /* button_border@2x.png */,
				DDEB480918542883006FAED3 /* button_over@2x.png */,
				DDEB480A18542883006FAED3 /* filter */,
				DDEB483E18542883006FAED3 /* icon_back@2x.png */,
				DDEB483F18542883006FAED3 /* icon_call@2x.png */,
				DDEB484018542883006FAED3 /* icon_fb@2x.png */,
				DDEB484118542883006FAED3 /* icon_feedback@2x.png */,
				DDEB484218542883006FAED3 /* icon_fuel@2x.png */,
				DDEB484318542883006FAED3 /* icon_hotline@2x.png */,
				DDEB484418542883006FAED3 /* icon_language@2x.png */,
				DDEB484518542883006FAED3 /* icon_menu@2x.png */,
				DDEB484618542883006FAED3 /* icon_metrics@2x.png */,
				DDEB484718542883006FAED3 /* icon_settings@2x.png */,
				DDEB484818542883006FAED3 /* icon_social_over@2x.png */,
				DDEB484918542883006FAED3 /* icon_vk@2x.png */,
				DDEB484A18542883006FAED3 /* line_menu@2x.png */,
				DDEB484B18542883006FAED3 /* logo@2x.png */,
				DDEB484C18542883006FAED3 /* main_bg@2x.png */,
				DDEB484D18542883006FAED3 /* marker@2x.png */,
				DDEB484E18542883006FAED3 /* news_bg@2x.png */,
				DDEB484F18542883006FAED3 /* news_over@2x.png */,
				DDEB485018542883006FAED3 /* price_bg@2x.png */,
				DDEB485118542883006FAED3 /* price_border@2x.png */,
				DDEB485218542883006FAED3 /* price_over@2x.png */,
				DDEB485318542883006FAED3 /* tab_left@2x.png */,
				DDEB485418542883006FAED3 /* tab_left_pressed@2x.png */,
				DDEB485518542883006FAED3 /* tab_right@2x.png */,
				DDEB485618542883006FAED3 /* tab_right_pressed@2x.png */,
			);
			path = images;
			sourceTree = "<group>";
		};
		DDEB480A18542883006FAED3 /* filter */ = {
			isa = PBXGroup;
			children = (
				DDEB480B18542883006FAED3 /* icon_80@2x.png */,
				DDEB480C18542883006FAED3 /* icon_80_inactive@2x.png */,
				DDEB480D18542883006FAED3 /* icon_80_pressed@2x.png */,
				DDEB480E18542883006FAED3 /* icon_92@2x.png */,
				DDEB480F18542883006FAED3 /* icon_92_inactive@2x.png */,
				DDEB481018542883006FAED3 /* icon_92_pressed@2x.png */,
				DDEB481118542883006FAED3 /* icon_93@2x.png */,
				DDEB481218542883006FAED3 /* icon_93_inactive@2x.png */,
				DDEB481318542883006FAED3 /* icon_93_pressed@2x.png */,
				DDEB481418542883006FAED3 /* icon_96@2x.png */,
				DDEB481518542883006FAED3 /* icon_96_inactive@2x.png */,
				DDEB481618542883006FAED3 /* icon_96_pressed@2x.png */,
				DDEB481718542883006FAED3 /* icon_97@2x.png */,
				DDEB481818542883006FAED3 /* icon_97_inactive@2x.png */,
				DDEB481918542883006FAED3 /* icon_97_pressed@2x.png */,
				DDEB481A18542883006FAED3 /* icon_amer@2x.png */,
				DDEB481B18542883006FAED3 /* icon_amer_inactive@2x.png */,
				DDEB481C18542883006FAED3 /* icon_amer_pressed@2x.png */,
				DDEB481D18542883006FAED3 /* icon_atm@2x.png */,
				DDEB481E18542883006FAED3 /* icon_atm_inactive@2x.png */,
				DDEB481F18542883006FAED3 /* icon_atm_pressed@2x.png */,
				DDEB482018542883006FAED3 /* icon_cafe@2x.png */,
				DDEB482118542883006FAED3 /* icon_cafe_inactive@2x.png */,
				DDEB482218542883006FAED3 /* icon_cafe_pressed@2x.png */,
				DDEB482318542883006FAED3 /* icon_diesel@2x.png */,
				DDEB482418542883006FAED3 /* icon_diesel_inactive@2x.png */,
				DDEB482518542883006FAED3 /* icon_diesel_pressed@2x.png */,
				DDEB482618542883006FAED3 /* icon_market@2x.png */,
				DDEB482718542883006FAED3 /* icon_market_inactive@2x.png */,
				DDEB482818542883006FAED3 /* icon_market_pressed@2x.png */,
				DDEB482918542883006FAED3 /* icon_master@2x.png */,
				DDEB482A18542883006FAED3 /* icon_master_inactive@2x.png */,
				DDEB482B18542883006FAED3 /* icon_master_pressed@2x.png */,
				DDEB482C18542883006FAED3 /* icon_oil@2x.png */,
				DDEB482D18542883006FAED3 /* icon_oil_inactive@2x.png */,
				DDEB482E18542883006FAED3 /* icon_oil_pressed@2x.png */,
				DDEB482F18542883006FAED3 /* icon_service@2x.png */,
				DDEB483018542883006FAED3 /* icon_service_inactive@2x.png */,
				DDEB483118542883006FAED3 /* icon_service_pressed@2x.png */,
				DDEB483218542883006FAED3 /* icon_terminal@2x.png */,
				DDEB483318542883006FAED3 /* icon_terminal_inactive@2x.png */,
				DDEB483418542883006FAED3 /* icon_terminal_pressed@2x.png */,
				DDEB483518542883006FAED3 /* icon_visa@2x.png */,
				DDEB483618542883006FAED3 /* icon_visa_inactive@2x.png */,
				DDEB483718542883006FAED3 /* icon_visa_pressed@2x.png */,
				DDEB483818542883006FAED3 /* icon_wash@2x.png */,
				DDEB483918542883006FAED3 /* icon_wash_inactive@2x.png */,
				DDEB483A18542883006FAED3 /* icon_wash_pressed@2x.png */,
				DDEB483B18542883006FAED3 /* icon_wheel@2x.png */,
				DDEB483C18542883006FAED3 /* icon_wheel_inactive@2x.png */,
				DDEB483D18542883006FAED3 /* icon_wheel_pressed@2x.png */,
			);
			path = filter;
			sourceTree = "<group>";
		};
		DDEB48AF18544BD0006FAED3 /* View */ = {
			isa = PBXGroup;
			children = (
				9CF17A5518431F7F007FF8D9 /* Main_iPhone.storyboard */,
				DDEB48B318544CF5006FAED3 /* MyMapView.h */,
				DDEB48B418544CF5006FAED3 /* MyMapView.m */,
				DDA70D251876EA4400C89F86 /* StationAnnotationView.h */,
				DDA70D261876EA4400C89F86 /* StationAnnotationView.m */,
				DDEB48B018544BF9006FAED3 /* ScrollView.h */,
				DDEB48B118544BF9006FAED3 /* ScrollView.m */,
				84FDF89B187AA9610082595A /* StationViewCell.h */,
				84FDF89C187AA9610082595A /* StationViewCell.m */,
				84F9C696188EBAA700739533 /* PriceCell.h */,
				84F9C697188EBAA700739533 /* PriceCell.m */,
				DD3F7477189E164C0082CD30 /* NewsCell.h */,
				DD3F7478189E164C0082CD30 /* NewsCell.m */,
				849A29AA18A22EDF00A68987 /* ActCell.h */,
				849A29AB18A22EDF00A68987 /* ActCell.m */,
			);
			name = View;
			sourceTree = "<group>";
		};
/* End PBXGroup section */

/* Begin PBXNativeTarget section */
		9CF17A3F18431F7F007FF8D9 /* iSinooil */ = {
			isa = PBXNativeTarget;
			buildConfigurationList = 9CF17A7518431F80007FF8D9 /* Build configuration list for PBXNativeTarget "iSinooil" */;
			buildPhases = (
				9CF17A3C18431F7F007FF8D9 /* Sources */,
				9CF17A3D18431F7F007FF8D9 /* Frameworks */,
				9CF17A3E18431F7F007FF8D9 /* Resources */,
			);
			buildRules = (
			);
			dependencies = (
			);
			name = iSinooil;
			productName = iSinooil;
			productReference = 9CF17A4018431F7F007FF8D9 /* iSinooil.app */;
			productType = "com.apple.product-type.application";
		};
		9CF17A6318431F80007FF8D9 /* iSinooilTests */ = {
			isa = PBXNativeTarget;
			buildConfigurationList = 9CF17A7818431F80007FF8D9 /* Build configuration list for PBXNativeTarget "iSinooilTests" */;
			buildPhases = (
				9CF17A6018431F80007FF8D9 /* Sources */,
				9CF17A6118431F80007FF8D9 /* Frameworks */,
				9CF17A6218431F80007FF8D9 /* Resources */,
			);
			buildRules = (
			);
			dependencies = (
				9CF17A6A18431F80007FF8D9 /* PBXTargetDependency */,
			);
			name = iSinooilTests;
			productName = iSinooilTests;
			productReference = 9CF17A6418431F80007FF8D9 /* iSinooilTests.xctest */;
			productType = "com.apple.product-type.bundle.unit-test";
		};
/* End PBXNativeTarget section */

/* Begin PBXProject section */
		9CF17A3818431F7F007FF8D9 /* Project object */ = {
			isa = PBXProject;
			attributes = {
				LastUpgradeCheck = 0500;
				ORGANIZATIONNAME = Zul;
				TargetAttributes = {
					9CF17A6318431F80007FF8D9 = {
						TestTargetID = 9CF17A3F18431F7F007FF8D9;
					};
				};
			};
			buildConfigurationList = 9CF17A3B18431F7F007FF8D9 /* Build configuration list for PBXProject "iSinooil" */;
			compatibilityVersion = "Xcode 3.2";
			developmentRegion = English;
			hasScannedForEncodings = 0;
			knownRegions = (
				en,
				Base,
				ru,
			);
			mainGroup = 9CF17A3718431F7F007FF8D9;
			productRefGroup = 9CF17A4118431F7F007FF8D9 /* Products */;
			projectDirPath = "";
			projectRoot = "";
			targets = (
				9CF17A3F18431F7F007FF8D9 /* iSinooil */,
				9CF17A6318431F80007FF8D9 /* iSinooilTests */,
			);
		};
/* End PBXProject section */

/* Begin PBXResourcesBuildPhase section */
		9CF17A3E18431F7F007FF8D9 /* Resources */ = {
			isa = PBXResourcesBuildPhase;
			buildActionMask = 2147483647;
			files = (
				84DA054C187D846D004592EC /* HelveticaNeueCyr-BlackItalic.otf in Resources */,
				DDEB489118542883006FAED3 /* icon_wheel@2x.png in Resources */,
				DDEB487018542883006FAED3 /* icon_amer@2x.png in Resources */,
				DDEB489B18542883006FAED3 /* icon_menu@2x.png in Resources */,
				84DA0554187D846D004592EC /* HelveticaNeueCyr-Thin.otf in Resources */,
				DDEB488D18542883006FAED3 /* icon_visa_pressed@2x.png in Resources */,
				DDEB488418542883006FAED3 /* icon_oil_pressed@2x.png in Resources */,
				84BC6402187E7CBD00BF030B /* head_gr2.png in Resources */,
				DDEB487718542883006FAED3 /* icon_cafe_inactive@2x.png in Resources */,
				DDEB486318542883006FAED3 /* icon_80_pressed@2x.png in Resources */,
				DDEB489218542883006FAED3 /* icon_wheel_inactive@2x.png in Resources */,
				DDEB48A218542883006FAED3 /* main_bg@2x.png in Resources */,
				DD3F746A189E082F0082CD30 /* placeholder-icon.png in Resources */,
				DDEB489018542883006FAED3 /* icon_wash_pressed@2x.png in Resources */,
				DDEB489518542883006FAED3 /* icon_call@2x.png in Resources */,
				DD46151718751E88008FCD16 /* article.json in Resources */,
				DDC8734D1875301A00393876 /* Localizable.strings in Resources */,
				DDEB485A18542883006FAED3 /* arrowleft_white@2x.png in Resources */,
				84DA054B187D846D004592EC /* HelveticaNeueCyr-Black.otf in Resources */,
				DD46151818751E88008FCD16 /* azs.json in Resources */,
				84DA0556187D846D004592EC /* HelveticaNeueCyr-UltraLight.otf in Resources */,
				84DA0555187D846D004592EC /* HelveticaNeueCyr-ThinItalic.otf in Resources */,
				DDEB489618542883006FAED3 /* icon_fb@2x.png in Resources */,
				DDEB486618542883006FAED3 /* icon_92_pressed@2x.png in Resources */,
				DDEB486018542883006FAED3 /* button_over@2x.png in Resources */,
				DDEB486418542883006FAED3 /* icon_92@2x.png in Resources */,
				DDEB489318542883006FAED3 /* icon_wheel_pressed@2x.png in Resources */,
				DDEB48AA18542883006FAED3 /* tab_left_pressed@2x.png in Resources */,
				9CF17A5F18431F7F007FF8D9 /* Images.xcassets in Resources */,
				DDEB487818542883006FAED3 /* icon_cafe_pressed@2x.png in Resources */,
				DDEB487D18542883006FAED3 /* icon_market_inactive@2x.png in Resources */,
				DDEB486518542883006FAED3 /* icon_92_inactive@2x.png in Resources */,
				9CF17A5718431F7F007FF8D9 /* Main_iPhone.storyboard in Resources */,
				DDEB486718542883006FAED3 /* icon_93@2x.png in Resources */,
				DDEB489418542883006FAED3 /* icon_back@2x.png in Resources */,
				DDEB485F18542883006FAED3 /* button_border@2x.png in Resources */,
				DDEB48A818542883006FAED3 /* price_over@2x.png in Resources */,
				DDEB488318542883006FAED3 /* icon_oil_inactive@2x.png in Resources */,
				DDEB487618542883006FAED3 /* icon_cafe@2x.png in Resources */,
				DDEB488A18542883006FAED3 /* icon_terminal_pressed@2x.png in Resources */,
				DDEB487E18542883006FAED3 /* icon_market_pressed@2x.png in Resources */,
				DDEB487C18542883006FAED3 /* icon_market@2x.png in Resources */,
				84DA054E187D846D004592EC /* HelveticaNeueCyr-BoldItalic.otf in Resources */,
				DDEB48A518542883006FAED3 /* news_over@2x.png in Resources */,
				DDEB486218542883006FAED3 /* icon_80_inactive@2x.png in Resources */,
				DDEB488918542883006FAED3 /* icon_terminal_inactive@2x.png in Resources */,
				DDEB488C18542883006FAED3 /* icon_visa_inactive@2x.png in Resources */,
				DDEB48A618542883006FAED3 /* price_bg@2x.png in Resources */,
				DDEB486118542883006FAED3 /* icon_80@2x.png in Resources */,
				84DA0551187D846D004592EC /* HelveticaNeueCyr-LightItalic.otf in Resources */,
				DDEB485D18542883006FAED3 /* button1@2x.png in Resources */,
				84DA0552187D846D004592EC /* HelveticaNeueCyr-Medium.otf in Resources */,
				84DA054D187D846D004592EC /* HelveticaNeueCyr-Bold.otf in Resources */,
				84CC0F8B18A4B1AF006F84C6 /* contacts_white@2x.png in Resources */,
				DDEB486D18542883006FAED3 /* icon_97@2x.png in Resources */,
				DDEB487918542883006FAED3 /* icon_diesel@2x.png in Resources */,
				DDEB486B18542883006FAED3 /* icon_96_inactive@2x.png in Resources */,
				84DA0557187D846D004592EC /* HelveticaNeueCyr-UltraLightItalic.otf in Resources */,
				DDEB487B18542883006FAED3 /* icon_diesel_pressed@2x.png in Resources */,
				DDEB486818542883006FAED3 /* icon_93_inactive@2x.png in Resources */,
				84CC0F8918A4B1AF006F84C6 /* bubble_light@2x.png in Resources */,
				DDEB489818542883006FAED3 /* icon_fuel@2x.png in Resources */,
				84CC0F8A18A4B1AF006F84C6 /* bubble_ligth_tail@2x.png in Resources */,
				84CC0F8C18A4B1AF006F84C6 /* contacts@2x.png in Resources */,
				DDEB489D18542883006FAED3 /* icon_settings@2x.png in Resources */,
				84DA054F187D846D004592EC /* HelveticaNeueCyr-Italic.otf in Resources */,
				DDEB489E18542883006FAED3 /* icon_social_over@2x.png in Resources */,
				DDEB48A918542883006FAED3 /* tab_left@2x.png in Resources */,
				DDEB487118542883006FAED3 /* icon_amer_inactive@2x.png in Resources */,
				844293AE18A1EDC700DDC7F3 /* README.md in Resources */,
				DDEB485C18542883006FAED3 /* arrowup_light@2x.png in Resources */,
				DDEB48AB18542883006FAED3 /* tab_right@2x.png in Resources */,
				DDEB488018542883006FAED3 /* icon_master_inactive@2x.png in Resources */,
				DDEB488F18542883006FAED3 /* icon_wash_inactive@2x.png in Resources */,
				DDEB486918542883006FAED3 /* icon_93_pressed@2x.png in Resources */,
				84DA0550187D846D004592EC /* HelveticaNeueCyr-Light.otf in Resources */,
				DDEB489918542883006FAED3 /* icon_hotline@2x.png in Resources */,
				9CF17A4E18431F7F007FF8D9 /* InfoPlist.strings in Resources */,
				84CC0F8718A4B1AF006F84C6 /* bubble_dark_tail@2x.png in Resources */,
				DDEB486A18542883006FAED3 /* icon_96@2x.png in Resources */,
				DDEB487418542883006FAED3 /* icon_atm_inactive@2x.png in Resources */,
				84DA0553187D846D004592EC /* HelveticaNeueCyr-Roman.otf in Resources */,
				DDEB487218542883006FAED3 /* icon_amer_pressed@2x.png in Resources */,
				DD46151918751E88008FCD16 /* fuel.json in Resources */,
				DDEB489C18542883006FAED3 /* icon_metrics@2x.png in Resources */,
				DDEB48A318542883006FAED3 /* marker@2x.png in Resources */,
				DDEB488618542883006FAED3 /* icon_service_inactive@2x.png in Resources */,
				DDEB489F18542883006FAED3 /* icon_vk@2x.png in Resources */,
				DDEB485718542883006FAED3 /* arrowdown_dark@2x.png in Resources */,
				DDEB48A718542883006FAED3 /* price_border@2x.png in Resources */,
				DDEB487518542883006FAED3 /* icon_atm_pressed@2x.png in Resources */,
				DDEB488718542883006FAED3 /* icon_service_pressed@2x.png in Resources */,
				84CC0F8818A4B1AF006F84C6 /* bubble_dark@2x.png in Resources */,
				844293AF18A1EDC700DDC7F3 /* release_notes.md in Resources */,
				DDEB488E18542883006FAED3 /* icon_wash@2x.png in Resources */,
				DDEB489718542883006FAED3 /* icon_feedback@2x.png in Resources */,
				DDEB488518542883006FAED3 /* icon_service@2x.png in Resources */,
				DDEB486E18542883006FAED3 /* icon_97_inactive@2x.png in Resources */,
				DD46151A18751E88008FCD16 /* news.json in Resources */,
				DDEB487A18542883006FAED3 /* icon_diesel_inactive@2x.png in Resources */,
				DDEB485918542883006FAED3 /* arrowleft_red@2x.png in Resources */,
				DDEB485E18542883006FAED3 /* button2@2x.png in Resources */,
				DDEB489A18542883006FAED3 /* icon_language@2x.png in Resources */,
				DDEB488218542883006FAED3 /* icon_oil@2x.png in Resources */,
				DDEB487318542883006FAED3 /* icon_atm@2x.png in Resources */,
				DDEB48A018542883006FAED3 /* line_menu@2x.png in Resources */,
				DDEB486C18542883006FAED3 /* icon_96_pressed@2x.png in Resources */,
				DDEB485B18542883006FAED3 /* arrowup_dark@2x.png in Resources */,
				DDEB487F18542883006FAED3 /* icon_master@2x.png in Resources */,
				84CC0F9018A4BF09006F84C6 /* about.json in Resources */,
				DDEB488118542883006FAED3 /* icon_master_pressed@2x.png in Resources */,
				DDEB48A418542883006FAED3 /* news_bg@2x.png in Resources */,
				DDEB488818542883006FAED3 /* icon_terminal@2x.png in Resources */,
				DDEB485818542883006FAED3 /* arrowdown_light@2x.png in Resources */,
				DDEB488B18542883006FAED3 /* icon_visa@2x.png in Resources */,
				DDEB486F18542883006FAED3 /* icon_97_pressed@2x.png in Resources */,
				DDEB48AC18542883006FAED3 /* tab_right_pressed@2x.png in Resources */,
				DDEB48A118542883006FAED3 /* logo@2x.png in Resources */,
			);
			runOnlyForDeploymentPostprocessing = 0;
		};
		9CF17A6218431F80007FF8D9 /* Resources */ = {
			isa = PBXResourcesBuildPhase;
			buildActionMask = 2147483647;
			files = (
				9CF17A7018431F80007FF8D9 /* InfoPlist.strings in Resources */,
			);
			runOnlyForDeploymentPostprocessing = 0;
		};
/* End PBXResourcesBuildPhase section */

/* Begin PBXSourcesBuildPhase section */
		9CF17A3C18431F7F007FF8D9 /* Sources */ = {
			isa = PBXSourcesBuildPhase;
			buildActionMask = 2147483647;
			files = (
				DD3F7470189E082F0082CD30 /* UIImageView+WebCache.m in Sources */,
				847E7CB8188EADB8007401F1 /* PricesDataSource.m in Sources */,
				849A29A918A22C8300A68987 /* ActsViewController.m in Sources */,
				DDBE9BA718A6315A000FB34D /* AboutDetailViewController.m in Sources */,
				84C68CC2188E524200FD68D0 /* PriceViewController.m in Sources */,
				84FDF89D187AA9610082595A /* StationViewCell.m in Sources */,
				DDEB48B518544CF5006FAED3 /* MyMapView.m in Sources */,
				849A29AC18A22EDF00A68987 /* ActCell.m in Sources */,
				849A29A618A22AE900A68987 /* ActsDataSource.m in Sources */,
				9CF17A5D18431F7F007FF8D9 /* MainViewController.m in Sources */,
				DDEB48B218544BF9006FAED3 /* ScrollView.m in Sources */,
				9CF17A5418431F7F007FF8D9 /* AppDelegate.m in Sources */,
				DDC873561875ADF600393876 /* Common.m in Sources */,
				DDA70D271876EA4400C89F86 /* StationAnnotationView.m in Sources */,
				84F9C698188EBAA700739533 /* PriceCell.m in Sources */,
				844293A518A1ED0F00DDC7F3 /* UIScrollView+SVInfiniteScrolling.m in Sources */,
				DD3F7476189E15260082CD30 /* NewsDataSource.m in Sources */,
				DDB2E9A0189E3A5D0080FE75 /* NewsDetailViewController.m in Sources */,
				DDA70D211876DA7200C89F86 /* MapPoint.m in Sources */,
				DDC8735318754F4200393876 /* MenuViewController.m in Sources */,
				DD3F746B189E082F0082CD30 /* SDImageCache.m in Sources */,
				DDA70D241876E0DD00C89F86 /* MapSource.m in Sources */,
				DD3F746D189E082F0082CD30 /* SDWebImageDownloader.m in Sources */,
				DD3F746F189E082F0082CD30 /* SDWebImagePrefetcher.m in Sources */,
				DD3F7479189E164C0082CD30 /* NewsCell.m in Sources */,
				9CF17A5018431F7F007FF8D9 /* main.m in Sources */,
				846938E6187A81640037CABC /* StationListDataSource.m in Sources */,
				84CC0F7F18A4AFC9006F84C6 /* AboutViewController.m in Sources */,
				DD3F7473189E147F0082CD30 /* NewsViewController.m in Sources */,
				DD3F746E189E082F0082CD30 /* SDWebImageManager.m in Sources */,
				DD3F746C189E082F0082CD30 /* SDWebImageDecoder.m in Sources */,
				DDEB48BC185452A4006FAED3 /* MapViewController.m in Sources */,
			);
			runOnlyForDeploymentPostprocessing = 0;
		};
		9CF17A6018431F80007FF8D9 /* Sources */ = {
			isa = PBXSourcesBuildPhase;
			buildActionMask = 2147483647;
			files = (
				9CF17A7218431F80007FF8D9 /* iSinooilTests.m in Sources */,
			);
			runOnlyForDeploymentPostprocessing = 0;
		};
/* End PBXSourcesBuildPhase section */

/* Begin PBXTargetDependency section */
		9CF17A6A18431F80007FF8D9 /* PBXTargetDependency */ = {
			isa = PBXTargetDependency;
			target = 9CF17A3F18431F7F007FF8D9 /* iSinooil */;
			targetProxy = 9CF17A6918431F80007FF8D9 /* PBXContainerItemProxy */;
		};
/* End PBXTargetDependency section */

/* Begin PBXVariantGroup section */
		9CF17A4C18431F7F007FF8D9 /* InfoPlist.strings */ = {
			isa = PBXVariantGroup;
			children = (
				9CF17A4D18431F7F007FF8D9 /* en */,
				DDC8734918752EC300393876 /* ru */,
			);
			name = InfoPlist.strings;
			sourceTree = "<group>";
		};
		9CF17A5518431F7F007FF8D9 /* Main_iPhone.storyboard */ = {
			isa = PBXVariantGroup;
			children = (
				9CF17A5618431F7F007FF8D9 /* Base */,
				84CC0F8E18A4BBC0006F84C6 /* ru */,
			);
			name = Main_iPhone.storyboard;
			sourceTree = "<group>";
		};
		9CF17A6E18431F80007FF8D9 /* InfoPlist.strings */ = {
			isa = PBXVariantGroup;
			children = (
				9CF17A6F18431F80007FF8D9 /* en */,
				DDC8734A18752EC300393876 /* ru */,
			);
			name = InfoPlist.strings;
			sourceTree = "<group>";
		};
		DDC8734F1875301A00393876 /* Localizable.strings */ = {
			isa = PBXVariantGroup;
			children = (
				DDC8734E1875301A00393876 /* Base */,
				DDC873501875302F00393876 /* ru */,
			);
			name = Localizable.strings;
			sourceTree = "<group>";
		};
/* End PBXVariantGroup section */

/* Begin XCBuildConfiguration section */
		9CF17A7318431F80007FF8D9 /* Debug */ = {
			isa = XCBuildConfiguration;
			buildSettings = {
				ALWAYS_SEARCH_USER_PATHS = NO;
				ARCHS = "$(ARCHS_STANDARD)";
				CLANG_CXX_LANGUAGE_STANDARD = "gnu++0x";
				CLANG_CXX_LIBRARY = "libc++";
				CLANG_ENABLE_MODULES = YES;
				CLANG_ENABLE_OBJC_ARC = YES;
				CLANG_WARN_BOOL_CONVERSION = YES;
				CLANG_WARN_CONSTANT_CONVERSION = YES;
				CLANG_WARN_DIRECT_OBJC_ISA_USAGE = YES_ERROR;
				CLANG_WARN_EMPTY_BODY = YES;
				CLANG_WARN_ENUM_CONVERSION = YES;
				CLANG_WARN_INT_CONVERSION = YES;
				CLANG_WARN_OBJC_ROOT_CLASS = YES_ERROR;
				CLANG_WARN__DUPLICATE_METHOD_MATCH = YES;
				"CODE_SIGN_IDENTITY[sdk=iphoneos*]" = "iPhone Developer";
				COPY_PHASE_STRIP = NO;
				GCC_C_LANGUAGE_STANDARD = gnu99;
				GCC_DYNAMIC_NO_PIC = NO;
				GCC_OPTIMIZATION_LEVEL = 0;
				GCC_PREPROCESSOR_DEFINITIONS = (
					"DEBUG=1",
					"$(inherited)",
				);
				GCC_SYMBOLS_PRIVATE_EXTERN = NO;
				GCC_WARN_64_TO_32_BIT_CONVERSION = YES;
				GCC_WARN_ABOUT_RETURN_TYPE = YES_ERROR;
				GCC_WARN_UNDECLARED_SELECTOR = YES;
				GCC_WARN_UNINITIALIZED_AUTOS = YES;
				GCC_WARN_UNUSED_FUNCTION = YES;
				GCC_WARN_UNUSED_VARIABLE = YES;
				IPHONEOS_DEPLOYMENT_TARGET = 7.0;
				ONLY_ACTIVE_ARCH = NO;
				SDKROOT = iphoneos;
				TARGETED_DEVICE_FAMILY = "1,2";
			};
			name = Debug;
		};
		9CF17A7418431F80007FF8D9 /* Release */ = {
			isa = XCBuildConfiguration;
			buildSettings = {
				ALWAYS_SEARCH_USER_PATHS = NO;
				ARCHS = "$(ARCHS_STANDARD)";
				CLANG_CXX_LANGUAGE_STANDARD = "gnu++0x";
				CLANG_CXX_LIBRARY = "libc++";
				CLANG_ENABLE_MODULES = YES;
				CLANG_ENABLE_OBJC_ARC = YES;
				CLANG_WARN_BOOL_CONVERSION = YES;
				CLANG_WARN_CONSTANT_CONVERSION = YES;
				CLANG_WARN_DIRECT_OBJC_ISA_USAGE = YES_ERROR;
				CLANG_WARN_EMPTY_BODY = YES;
				CLANG_WARN_ENUM_CONVERSION = YES;
				CLANG_WARN_INT_CONVERSION = YES;
				CLANG_WARN_OBJC_ROOT_CLASS = YES_ERROR;
				CLANG_WARN__DUPLICATE_METHOD_MATCH = YES;
				"CODE_SIGN_IDENTITY[sdk=iphoneos*]" = "iPhone Developer";
				COPY_PHASE_STRIP = YES;
				ENABLE_NS_ASSERTIONS = NO;
				GCC_C_LANGUAGE_STANDARD = gnu99;
				GCC_WARN_64_TO_32_BIT_CONVERSION = YES;
				GCC_WARN_ABOUT_RETURN_TYPE = YES_ERROR;
				GCC_WARN_UNDECLARED_SELECTOR = YES;
				GCC_WARN_UNINITIALIZED_AUTOS = YES;
				GCC_WARN_UNUSED_FUNCTION = YES;
				GCC_WARN_UNUSED_VARIABLE = YES;
				IPHONEOS_DEPLOYMENT_TARGET = 7.0;
				SDKROOT = iphoneos;
				TARGETED_DEVICE_FAMILY = "1,2";
				VALIDATE_PRODUCT = YES;
			};
			name = Release;
		};
		9CF17A7618431F80007FF8D9 /* Debug */ = {
			isa = XCBuildConfiguration;
			buildSettings = {
				ASSETCATALOG_COMPILER_APPICON_NAME = AppIcon;
				ASSETCATALOG_COMPILER_LAUNCHIMAGE_NAME = LaunchImage;
				GCC_PRECOMPILE_PREFIX_HEADER = YES;
				GCC_PREFIX_HEADER = "iSinooil/iSinooil-Prefix.pch";
				INFOPLIST_FILE = "iSinooil/iSinooil-Info.plist";
				IPHONEOS_DEPLOYMENT_TARGET = 7.0;
				LIBRARY_SEARCH_PATHS = (
					"$(inherited)",
					/Users/vadim/Documents/iSinooil/iSinooil/TestFlightSDK2.0.2,
					/Users/vadim/Documents/iSinooil/iSinooil/TestFlightSDK2.2.1,
					/Users/admin/Documents/iSinooil/iSinooil/TestFlightSDK2.2.1,
				);
				ONLY_ACTIVE_ARCH = NO;
				PRODUCT_NAME = "$(TARGET_NAME)";
				WRAPPER_EXTENSION = app;
			};
			name = Debug;
		};
		9CF17A7718431F80007FF8D9 /* Release */ = {
			isa = XCBuildConfiguration;
			buildSettings = {
				ASSETCATALOG_COMPILER_APPICON_NAME = AppIcon;
				ASSETCATALOG_COMPILER_LAUNCHIMAGE_NAME = LaunchImage;
				GCC_PRECOMPILE_PREFIX_HEADER = YES;
				GCC_PREFIX_HEADER = "iSinooil/iSinooil-Prefix.pch";
				INFOPLIST_FILE = "iSinooil/iSinooil-Info.plist";
				IPHONEOS_DEPLOYMENT_TARGET = 7.0;
				LIBRARY_SEARCH_PATHS = (
					"$(inherited)",
					/Users/vadim/Documents/iSinooil/iSinooil/TestFlightSDK2.0.2,
					/Users/vadim/Documents/iSinooil/iSinooil/TestFlightSDK2.2.1,
					/Users/admin/Documents/iSinooil/iSinooil/TestFlightSDK2.2.1,
				);
				PRODUCT_NAME = "$(TARGET_NAME)";
				WRAPPER_EXTENSION = app;
			};
			name = Release;
		};
		9CF17A7918431F80007FF8D9 /* Debug */ = {
			isa = XCBuildConfiguration;
			buildSettings = {
				ARCHS = "$(ARCHS_STANDARD_INCLUDING_64_BIT)";
				BUNDLE_LOADER = "$(BUILT_PRODUCTS_DIR)/iSinooil.app/iSinooil";
				FRAMEWORK_SEARCH_PATHS = (
					"$(SDKROOT)/Developer/Library/Frameworks",
					"$(inherited)",
					"$(DEVELOPER_FRAMEWORKS_DIR)",
				);
				GCC_PRECOMPILE_PREFIX_HEADER = YES;
				GCC_PREFIX_HEADER = "iSinooil/iSinooil-Prefix.pch";
				GCC_PREPROCESSOR_DEFINITIONS = (
					"DEBUG=1",
					"$(inherited)",
				);
				INFOPLIST_FILE = "iSinooilTests/iSinooilTests-Info.plist";
				PRODUCT_NAME = "$(TARGET_NAME)";
				TEST_HOST = "$(BUNDLE_LOADER)";
				WRAPPER_EXTENSION = xctest;
			};
			name = Debug;
		};
		9CF17A7A18431F80007FF8D9 /* Release */ = {
			isa = XCBuildConfiguration;
			buildSettings = {
				ARCHS = "$(ARCHS_STANDARD_INCLUDING_64_BIT)";
				BUNDLE_LOADER = "$(BUILT_PRODUCTS_DIR)/iSinooil.app/iSinooil";
				FRAMEWORK_SEARCH_PATHS = (
					"$(SDKROOT)/Developer/Library/Frameworks",
					"$(inherited)",
					"$(DEVELOPER_FRAMEWORKS_DIR)",
				);
				GCC_PRECOMPILE_PREFIX_HEADER = YES;
				GCC_PREFIX_HEADER = "iSinooil/iSinooil-Prefix.pch";
				INFOPLIST_FILE = "iSinooilTests/iSinooilTests-Info.plist";
				PRODUCT_NAME = "$(TARGET_NAME)";
				TEST_HOST = "$(BUNDLE_LOADER)";
				WRAPPER_EXTENSION = xctest;
			};
			name = Release;
		};
/* End XCBuildConfiguration section */

/* Begin XCConfigurationList section */
		9CF17A3B18431F7F007FF8D9 /* Build configuration list for PBXProject "iSinooil" */ = {
			isa = XCConfigurationList;
			buildConfigurations = (
				9CF17A7318431F80007FF8D9 /* Debug */,
				9CF17A7418431F80007FF8D9 /* Release */,
			);
			defaultConfigurationIsVisible = 0;
			defaultConfigurationName = Release;
		};
		9CF17A7518431F80007FF8D9 /* Build configuration list for PBXNativeTarget "iSinooil" */ = {
			isa = XCConfigurationList;
			buildConfigurations = (
				9CF17A7618431F80007FF8D9 /* Debug */,
				9CF17A7718431F80007FF8D9 /* Release */,
			);
			defaultConfigurationIsVisible = 0;
			defaultConfigurationName = Release;
		};
		9CF17A7818431F80007FF8D9 /* Build configuration list for PBXNativeTarget "iSinooilTests" */ = {
			isa = XCConfigurationList;
			buildConfigurations = (
				9CF17A7918431F80007FF8D9 /* Debug */,
				9CF17A7A18431F80007FF8D9 /* Release */,
			);
			defaultConfigurationIsVisible = 0;
			defaultConfigurationName = Release;
		};
/* End XCConfigurationList section */
	};
	rootObject = 9CF17A3818431F7F007FF8D9 /* Project object */;
}
